
Microsoft Visual Studio Solution File, Format Version 12.00
# Visual Studio 2013
VisualStudioVersion = 12.0.30501.0
MinimumVisualStudioVersion = 10.0.40219.1
Project("{2150E333-8FDC-42A3-9474-1A3956D46DE8}") = "1. CORE PROGRAMMING 1", "1. CORE PROGRAMMING 1", "{BB8186AC-F954-4083-8259-401261AC753C}"
EndProject
Project("{2150E333-8FDC-42A3-9474-1A3956D46DE8}") = "2. CORE PROGRAMMING 2", "2. CORE PROGRAMMING 2", "{E06E51C5-84A9-47E4-8D09-3C012E455D0B}"
EndProject
Project("{2150E333-8FDC-42A3-9474-1A3956D46DE8}") = "Anathomy of Simple Program", "Anathomy of Simple Program", "{B2D77452-F7B0-41B2-8127-278A3C3BB9DD}"
EndProject
Project("{FAE04EC0-301F-11D3-BF4B-00C04F79EFBC}") = "SimpleProgram", "1. CORE PROGRAMMING 1\Aan_Of_Simple\SimpleProgram\SimpleProgram.csproj", "{232E90F9-C448-4B0F-BAF7-C837080BB425}"
EndProject
Project("{FAE04EC0-301F-11D3-BF4B-00C04F79EFBC}") = "ConsoleEnviroment", "ConsoleEnviroment\ConsoleEnviroment.csproj", "{6FDA39CD-FBFE-4D1E-BFE4-BEFB9000B632}"
EndProject
Project("{2150E333-8FDC-42A3-9474-1A3956D46DE8}") = "Interfaces", "Interfaces", "{A768B4EE-A10A-437E-A791-17600A0C8A90}"
EndProject
Project("{FAE04EC0-301F-11D3-BF4B-00C04F79EFBC}") = "MojProgram", "1. CORE PROGRAMMING 2\Interfaces\MojProgram\MojProgram.csproj", "{E1259BF2-DF86-495B-BA8C-0CCC901C0D50}"
EndProject
Project("{FAE04EC0-301F-11D3-BF4B-00C04F79EFBC}") = "MojaBiblioteka", "1. CORE PROGRAMMING 2\Interfaces\MojaBiblioteka\MojaBiblioteka.csproj", "{45742B46-06F4-4E41-8458-4ECFAE09189B}"
EndProject
Project("{2150E333-8FDC-42A3-9474-1A3956D46DE8}") = "Kolekcije", "Kolekcije", "{4317EF21-048D-4512-B16A-65B83C1324DE}"
EndProject
Project("{FAE04EC0-301F-11D3-BF4B-00C04F79EFBC}") = "KolekcijeListDemo", "1. CORE PROGRAMMING 2\Kolekcije\ArrayList\KolekcijeListDemo.csproj", "{8AC20257-9A8D-45BE-A11B-3AC58D60E63B}"
EndProject
Project("{2150E333-8FDC-42A3-9474-1A3956D46DE8}") = "Plural", "Plural", "{F9C71EF5-E3B6-48BE-95A9-29AE76D29EC6}"
EndProject
Project("{FAE04EC0-301F-11D3-BF4B-00C04F79EFBC}") = "WPFClasses", "WPFClasses\WPFClasses.csproj", "{7F546A18-2241-4A2B-88E9-7C90A1C3D129}"
EndProject
Project("{FAE04EC0-301F-11D3-BF4B-00C04F79EFBC}") = "ArraySimulation", "ArraySimulation\ArraySimulation.csproj", "{8F286DD1-C9AC-4E69-AF01-9F14999681EB}"
EndProject
Project("{FAE04EC0-301F-11D3-BF4B-00C04F79EFBC}") = "ConsoleEnviroment2", "ConsoleEnviroment2\ConsoleEnviroment2.csproj", "{1990B3EA-3A30-40FA-A052-9B1228553968}"
EndProject
Project("{2150E333-8FDC-42A3-9474-1A3956D46DE8}") = "Delegates", "Delegates", "{07620BE2-3F41-44C9-8E1C-59205E31F043}"
EndProject
Project("{FAE04EC0-301F-11D3-BF4B-00C04F79EFBC}") = "Delegates", "1. CORE PROGRAMMING 2\Delegates\Delegates\Delegates.csproj", "{5A225DD4-833A-40EB-8738-8FBBEAC9AFF5}"
EndProject
Project("{FAE04EC0-301F-11D3-BF4B-00C04F79EFBC}") = "Delegates2", "1. CORE PROGRAMMING 2\Delegates\Delegates\Delegates2\Delegates2.csproj", "{71720D62-B8B9-46EF-B76A-6D2F48961C99}"
EndProject
Project("{FAE04EC0-301F-11D3-BF4B-00C04F79EFBC}") = "Delegates3", "Delegates3\Delegates3.csproj", "{7FD50113-8E26-4E4F-9F2E-B45C089BCB90}"
EndProject
Project("{FAE04EC0-301F-11D3-BF4B-00C04F79EFBC}") = "Metode1", "Metode1\Metode1.csproj", "{63AEE5BA-2E4F-45E5-A5A8-5C981BE3C412}"
EndProject
Project("{2150E333-8FDC-42A3-9474-1A3956D46DE8}") = "Metode", "Metode", "{71ADA841-4296-418D-9986-2288046DAB53}"
EndProject
Project("{FAE04EC0-301F-11D3-BF4B-00C04F79EFBC}") = "Metode2", "Metode2\Metode2.csproj", "{5B1B0003-AE45-4EDC-B561-BF4985B7B4C6}"
EndProject
Project("{FAE04EC0-301F-11D3-BF4B-00C04F79EFBC}") = "Metode_PassbyValue", "Metode_PassbyValue\Metode_PassbyValue.csproj", "{8C9449A9-6DA1-407D-ACDE-026E57B5118F}"
EndProject
Project("{FAE04EC0-301F-11D3-BF4B-00C04F79EFBC}") = "Metode_RefValue", "Metode_RefValue\Metode_RefValue.csproj", "{50BD1D3D-5AF0-4A15-A59F-C9DA7A021080}"
EndProject
Project("{FAE04EC0-301F-11D3-BF4B-00C04F79EFBC}") = "ConsoleEnviroment3", "ConsoleEnviroment3\ConsoleEnviroment3.csproj", "{59C68A82-0672-4EBB-AD71-06CA88A5DC7E}"
EndProject
Project("{FAE04EC0-301F-11D3-BF4B-00C04F79EFBC}") = "ConsoleEnviroment4", "ConsoleEnviroment4\ConsoleEnviroment4.csproj", "{4C9BFA0B-280A-482B-9644-1C49F3BD2524}"
EndProject
Project("{FAE04EC0-301F-11D3-BF4B-00C04F79EFBC}") = "OOP_1", "OOP_1\OOP_1.csproj", "{8C923CE7-F3C6-40AE-8C94-1CCC2909772F}"
EndProject
Project("{FAE04EC0-301F-11D3-BF4B-00C04F79EFBC}") = "OOP_2", "OOP_2\OOP_2.csproj", "{D2B2935C-D843-449F-A6C1-3796260B7021}"
EndProject
Project("{FAE04EC0-301F-11D3-BF4B-00C04F79EFBC}") = "OOP_3", "OOP_3\OOP_3.csproj", "{C8CF430C-FCA9-4BB6-9A61-A2E01210AEBF}"
EndProject
Project("{FAE04EC0-301F-11D3-BF4B-00C04F79EFBC}") = "OOP_4_BitanDio", "OOP_Employee\OOP_4_BitanDio.csproj", "{70C50545-E705-4A87-BCA4-9DAAAC447AF1}"
EndProject
Project("{FAE04EC0-301F-11D3-BF4B-00C04F79EFBC}") = "OOP_Inheritance_01", "OOP_Inheritance_01\OOP_Inheritance_01.csproj", "{C896096E-7B5D-4459-9372-D318C6F58A4B}"
EndProject
Project("{FAE04EC0-301F-11D3-BF4B-00C04F79EFBC}") = "OOP_Employee_Simulation", "OOP_Employee_Simulation\OOP_Employee_Simulation.csproj", "{D0F7BEF3-CBEC-4435-BABF-383FEE28714A}"
EndProject
Project("{FAE04EC0-301F-11D3-BF4B-00C04F79EFBC}") = "OOP_Abstract_Casess", "OOP_Abstract_Casess\OOP_Abstract_Casess.csproj", "{1A6EA047-4545-4C91-A024-3CE221077F5E}"
EndProject
Project("{FAE04EC0-301F-11D3-BF4B-00C04F79EFBC}") = "OOP_Objects_Overrides", "OOP_Objects_Overrides\OOP_Objects_Overrides.csproj", "{FA591DEC-D688-4B83-ACCA-76988D36A690}"
EndProject
Project("{FAE04EC0-301F-11D3-BF4B-00C04F79EFBC}") = "Exception_Handling", "Exception_Handling\Exception_Handling.csproj", "{C9C69404-548F-4FD1-985B-4D692905BDE0}"
EndProject
Project("{FAE04EC0-301F-11D3-BF4B-00C04F79EFBC}") = "Exception_Custom", "Exception_Custom\Exception_Custom.csproj", "{E454A009-87EE-42FC-8292-7EC4819CE14A}"
EndProject
Project("{2150E333-8FDC-42A3-9474-1A3956D46DE8}") = "TypeScriptDemo", "TypeScriptDemo", "{F57E5B30-C672-48E2-9283-A960AFB5D69B}"
EndProject
Project("{FAE04EC0-301F-11D3-BF4B-00C04F79EFBC}") = "TypeScriptDemo", "TypeScriptDemo\TypeScriptDemo.csproj", "{F8314B04-9ED4-4301-AC66-D84137668896}"
EndProject
Project("{FAE04EC0-301F-11D3-BF4B-00C04F79EFBC}") = "Exception_Proces_Multiple", "Exception_Proces_Multiple\Exception_Proces_Multiple.csproj", "{A4EB347F-94A6-47B8-87F6-A4902E4291DA}"
EndProject
Project("{2150E333-8FDC-42A3-9474-1A3956D46DE8}") = "CORE", "CORE", "{36A231FB-E060-47AD-8763-67CDD5EB39E0}"
EndProject
Project("{2150E333-8FDC-42A3-9474-1A3956D46DE8}") = "OOP", "OOP", "{C53229D7-A810-43F9-89A1-58657CC57B65}"
EndProject
Project("{2150E333-8FDC-42A3-9474-1A3956D46DE8}") = "EXCEPTIONS", "EXCEPTIONS", "{DCDF846A-A041-4E4F-9DBA-249FF3067FF2}"
EndProject
Project("{2150E333-8FDC-42A3-9474-1A3956D46DE8}") = "INTERFACES", "INTERFACES", "{AAECB9FE-73F7-4FD4-A07D-B23961F87328}"
EndProject
Project("{FAE04EC0-301F-11D3-BF4B-00C04F79EFBC}") = "Interface_01", "Interfaces_01\Interface_01.csproj", "{38C1A7D3-43F8-4B8D-99A8-61FA65976EFF}"
EndProject
Project("{FAE04EC0-301F-11D3-BF4B-00C04F79EFBC}") = "Interface_02", "Interface_02\Interface_02.csproj", "{0BEFDC80-406C-46FE-8462-7F5C2989B022}"
EndProject
Project("{FAE04EC0-301F-11D3-BF4B-00C04F79EFBC}") = "Interface_03", "Interface_03\Interface_03.csproj", "{C500FF1F-B9EA-4B36-9803-E46C8912AA24}"
EndProject
Project("{FAE04EC0-301F-11D3-BF4B-00C04F79EFBC}") = "Interface_04", "Interface_04\Interface_04.csproj", "{24EAA54F-84F0-4532-A9AE-06EC8B22B879}"
EndProject
Project("{FAE04EC0-301F-11D3-BF4B-00C04F79EFBC}") = "Interface_05", "Interface_05\Interface_05.csproj", "{2FD01441-6AB8-4967-BDCA-784B76C4A78F}"
EndProject
Project("{FAE04EC0-301F-11D3-BF4B-00C04F79EFBC}") = "Interfaces1_Ilu_2012", "Interfaces1_Ilu_2012\Interfaces1_Ilu_2012.csproj", "{116D521C-7EA5-4F85-91B0-04BD9B99D61C}"
EndProject
Project("{2150E333-8FDC-42A3-9474-1A3956D46DE8}") = "Razno", "Razno", "{24A73001-C5E2-4458-B963-F5CAE3AA0744}"
EndProject
Project("{FAE04EC0-301F-11D3-BF4B-00C04F79EFBC}") = "Kolekcija_Pokus_01", "Kolekcija_Pokus_01\Kolekcija_Pokus_01.csproj", "{BDEE7C65-6F97-4395-9CB2-7F5B89C09556}"
EndProject
Project("{FAE04EC0-301F-11D3-BF4B-00C04F79EFBC}") = "Inter_IComparable_01", "Inter_IComparable_01\Inter_IComparable_01.csproj", "{20B0DF32-680D-45B3-86DD-53DAC2192E02}"
EndProject
Project("{FAE04EC0-301F-11D3-BF4B-00C04F79EFBC}") = "Inter_IEnumerable", "Inter_IEnumerable\Inter_IEnumerable.csproj", "{5007E6CC-FC39-404C-8A51-2EAA9AFCDBF1}"
EndProject
Project("{FAE04EC0-301F-11D3-BF4B-00C04F79EFBC}") = "Inter_Custom_Yield", "Inter_Custom_Yield\Inter_Custom_Yield.csproj", "{1A45A0E9-27B0-4302-B5BD-EF46958C720D}"
EndProject
Project("{FAE04EC0-301F-11D3-BF4B-00C04F79EFBC}") = "Inter_IClonable", "Inter_IClonable\Inter_IClonable.csproj", "{AFE1FFB1-029A-47A3-88AD-30680AFE64E5}"
EndProject
Project("{2150E333-8FDC-42A3-9474-1A3956D46DE8}") = "KOLEKCIJE", "KOLEKCIJE", "{2504B44B-0AB0-4442-BE77-F1FE85EF07A1}"
EndProject
Project("{FAE04EC0-301F-11D3-BF4B-00C04F79EFBC}") = "Collections_Basic_Ex", "Collections_Basic_Ex\Collections_Basic_Ex.csproj", "{76B0AD82-E0D7-4CE2-B5A4-30F329D50A73}"
EndProject
Project("{FAE04EC0-301F-11D3-BF4B-00C04F79EFBC}") = "Coll_ArrayList_NonGen", "Coll_ArrayList_NonGen\Coll_ArrayList_NonGen.csproj", "{F81FBD93-E2C8-442D-8544-D70E92AA84E2}"
EndProject
Project("{FAE04EC0-301F-11D3-BF4B-00C04F79EFBC}") = "Non_Generic_Problems", "Non_Generic_Problems\Non_Generic_Problems.csproj", "{1E501B16-0975-49B9-84B3-63952E722161}"
EndProject
Project("{FAE04EC0-301F-11D3-BF4B-00C04F79EFBC}") = "Generic_Coll_List", "Generic_Coll_List\Generic_Coll_List.csproj", "{FCB69933-70CE-4A96-9EB5-68FA51051841}"
EndProject
Project("{FAE04EC0-301F-11D3-BF4B-00C04F79EFBC}") = "Observable_Collection", "Observable_Collection\Observable_Collection.csproj", "{0D3CB892-3DA7-4E1D-AD4A-A7059EBFD0F7}"
EndProject
Project("{FAE04EC0-301F-11D3-BF4B-00C04F79EFBC}") = "Custom_Generic_Method", "Custom_Generic_Method\Custom_Generic_Method.csproj", "{D1961221-4F69-4F7E-86A2-61B058191850}"
EndProject
Project("{FAE04EC0-301F-11D3-BF4B-00C04F79EFBC}") = "Custom_Generic_Struct", "Custom_Generic_Struct\Custom_Generic_Struct.csproj", "{8F84AE54-6515-405D-8F9F-858A5E0284AD}"
EndProject
Project("{2150E333-8FDC-42A3-9474-1A3956D46DE8}") = "GENERIC LISTS", "GENERIC LISTS", "{F00B068D-B5BF-4071-BAF6-876CF5C5F433}"
EndProject
Project("{FAE04EC0-301F-11D3-BF4B-00C04F79EFBC}") = "LinkedList", "LinkedList\LinkedList.csproj", "{05091EB3-79CA-4BF5-A410-B5A1F9E8B6F4}"
EndProject
Project("{FAE04EC0-301F-11D3-BF4B-00C04F79EFBC}") = "Collection_EX_01", "Collection_EX_01\Collection_EX_01.csproj", "{F65328A7-27D8-48DE-B8DC-8FB64E4073B7}"
EndProject
Project("{FAE04EC0-301F-11D3-BF4B-00C04F79EFBC}") = "Collection_EX_02", "Collection_EX_02\Collection_EX_02.csproj", "{0F65F465-A5C2-435F-B157-3E8A35B5B4CA}"
EndProject
Project("{2150E333-8FDC-42A3-9474-1A3956D46DE8}") = "CLASSES", "CLASSES", "{6D73E0AA-513B-43F2-9CA6-220EDAFD14E8}"
EndProject
Project("{FAE04EC0-301F-11D3-BF4B-00C04F79EFBC}") = "Library", "Library\Library.csproj", "{76220AAC-D522-4851-9DC3-B941710460D6}"
EndProject
Project("{FAE04EC0-301F-11D3-BF4B-00C04F79EFBC}") = "TestLibrary", "TestLibrary\TestLibrary.csproj", "{E4DB09F7-499A-4FAE-B080-9B4E89E0482A}"
EndProject
Project("{FAE04EC0-301F-11D3-BF4B-00C04F79EFBC}") = "Cards_Library", "Cards_Library\Cards_Library.csproj", "{AFDFE515-3EA9-4132-B683-8D24F143BC74}"
EndProject
Project("{FAE04EC0-301F-11D3-BF4B-00C04F79EFBC}") = "Collection_Yield", "Collection_Yield\Collection_Yield.csproj", "{3455CD7E-A280-41D5-AC3B-17687B302B76}"
EndProject
Project("{FAE04EC0-301F-11D3-BF4B-00C04F79EFBC}") = "Collection_Nullable", "Collection_Nullable\Collection_Nullable.csproj", "{200BEDB3-1426-4B37-A34D-7F7AC070E467}"
EndProject
Project("{2150E333-8FDC-42A3-9474-1A3956D46DE8}") = "DELEGATI", "DELEGATI", "{B3265C1C-0F1E-4B00-A35D-FB8B27591A80}"
EndProject
Project("{FAE04EC0-301F-11D3-BF4B-00C04F79EFBC}") = "Delegates_01_Simple_Ex", "Delegates_01_Simple_Ex\Delegates_01_Simple_Ex.csproj", "{E152F84E-D708-4A24-9D9C-8E4D60A22D53}"
EndProject
Project("{FAE04EC0-301F-11D3-BF4B-00C04F79EFBC}") = "Delegates_02_CarDel", "Delegates_02_CarDel\Delegates_02_CarDel.csproj", "{FF12D2B9-9F37-48F2-974F-EA5A03C445DA}"
EndProject
Project("{FAE04EC0-301F-11D3-BF4B-00C04F79EFBC}") = "Delegates_CarDelMethod", "Delegates_CarDelMethod\Delegates_CarDelMethod.csproj", "{DF7D6263-2811-4743-B7DE-549A40F7209D}"
EndProject
Project("{FAE04EC0-301F-11D3-BF4B-00C04F79EFBC}") = "Delegates_03_Generic", "Delegates_03_Generic\Delegates_03_Generic.csproj", "{71F1687E-7522-4A60-96AF-3874C2E42F26}"
EndProject
Project("{FAE04EC0-301F-11D3-BF4B-00C04F79EFBC}") = "Action_Func_Delegates", "Action_Func_Delegates\Action_Func_Delegates.csproj", "{B5E6CFBA-2E52-47B4-BC06-E682BA3F6AB8}"
EndProject
Project("{2150E333-8FDC-42A3-9474-1A3956D46DE8}") = "EVENTS", "EVENTS", "{5334BFEE-7AF2-4915-8E4B-9AB3790A9927}"
EndProject
Project("{FAE04EC0-301F-11D3-BF4B-00C04F79EFBC}") = "Events_01_AutoEvent", "Events_01_AutoEvent\Events_01_AutoEvent.csproj", "{3FC41C08-621C-406F-849D-0D9948B1CF34}"
EndProject
Project("{2150E333-8FDC-42A3-9474-1A3956D46DE8}") = "STRINGS", "STRINGS", "{39F988D8-DF29-482E-A024-B4F4AE748FDC}"
EndProject
Project("{FAE04EC0-301F-11D3-BF4B-00C04F79EFBC}") = "Strings_01_SConstructor", "Strings_01_SConstructor\Strings_01_SConstructor.csproj", "{23BBF2D3-FB7C-49FE-950C-C05957060AAB}"
EndProject
Project("{FAE04EC0-301F-11D3-BF4B-00C04F79EFBC}") = "Strings_02_SMethods", "Strings_02_SMethods\Strings_02_SMethods.csproj", "{C6CD4407-E7D1-4750-A3DF-6BCBCF8B9A09}"
EndProject
Project("{FAE04EC0-301F-11D3-BF4B-00C04F79EFBC}") = "Generic_Method", "Generic_Method\Generic_Method.csproj", "{CFCDF064-8497-4086-AB96-F0C00BBA8354}"
EndProject
Project("{2150E333-8FDC-42A3-9474-1A3956D46DE8}") = "ANONIMNE METODE", "ANONIMNE METODE", "{F5A73F03-89D9-46D6-847A-6543532C3E02}"
EndProject
Project("{FAE04EC0-301F-11D3-BF4B-00C04F79EFBC}") = "Ano_Methods_01", "Ano_Methods_01\Ano_Methods_01.csproj", "{D6FBDF15-9D5F-490D-B3A8-A321C27D30CD}"
EndProject
Project("{2150E333-8FDC-42A3-9474-1A3956D46DE8}") = "LAMBDA IZRAZ", "LAMBDA IZRAZ", "{745D60B6-00ED-4721-B610-0008B03FFD4B}"
EndProject
Project("{FAE04EC0-301F-11D3-BF4B-00C04F79EFBC}") = "Labmda_01_Simple", "Labmda_01_Simple\Labmda_01_Simple.csproj", "{E293327C-E7BF-4D99-8BE7-CA247159B2E3}"
EndProject
Project("{FAE04EC0-301F-11D3-BF4B-00C04F79EFBC}") = "Lambda_02_Multi_Params", "Lambda_02_Multi_Params\Lambda_02_Multi_Params.csproj", "{299499C4-7CDB-49BA-98E1-E473C91B3186}"
EndProject
Project("{FAE04EC0-301F-11D3-BF4B-00C04F79EFBC}") = "Lambda_03_Auto_Klasa", "Lambda_03_Auto_Klasa\Lambda_03_Auto_Klasa.csproj", "{26A1DC54-7F86-4AF6-916B-642B1DBD3D1D}"
EndProject
Project("{2150E333-8FDC-42A3-9474-1A3956D46DE8}") = "INDEKSERI", "INDEKSERI", "{EC78E53D-C779-4623-A004-3DA6E295C968}"
EndProject
Project("{FAE04EC0-301F-11D3-BF4B-00C04F79EFBC}") = "Indexers_01_Simple", "Indexers_01_Simple\Indexers_01_Simple.csproj", "{D0B6B877-A439-4B9E-B1F2-9D9AD751314A}"
EndProject
Project("{2150E333-8FDC-42A3-9474-1A3956D46DE8}") = "A KOMPLETNI PROJEKTI", "A KOMPLETNI PROJEKTI", "{174599DB-0C2F-4518-9E6B-05D6CE780FCF}"
EndProject
Project("{FAE04EC0-301F-11D3-BF4B-00C04F79EFBC}") = "BazneKlase", "BazneKlase\BazneKlase.csproj", "{3DBD28D2-2571-4AC8-B408-F0F60794794C}"
EndProject
Project("{FAE04EC0-301F-11D3-BF4B-00C04F79EFBC}") = "SystemMenagment", "SystemMenagment\SystemMenagment.csproj", "{8804AFF4-E547-4252-B607-6DF6A8C66368}"
EndProject
Project("{2150E333-8FDC-42A3-9474-1A3956D46DE8}") = "OVERLOAD OPERATORA", "OVERLOAD OPERATORA", "{0084D165-6AE7-420D-A38E-2154983256DA}"
EndProject
Project("{FAE04EC0-301F-11D3-BF4B-00C04F79EFBC}") = "Operators_01", "Operators_01\Operators_01.csproj", "{E32AF1E5-7D0B-4A64-A590-992AD02A6B6F}"
EndProject
Project("{2150E333-8FDC-42A3-9474-1A3956D46DE8}") = "KONVERZIJE", "KONVERZIJE", "{DAF70B5C-5450-452B-8293-972A69D62997}"
EndProject
Project("{FAE04EC0-301F-11D3-BF4B-00C04F79EFBC}") = "Konverzije_01", "Konverzije_01\Konverzije_01.csproj", "{5438520A-8E52-461B-A83A-3B8E3A84E108}"
EndProject
Project("{2150E333-8FDC-42A3-9474-1A3956D46DE8}") = "EKSTENZIJSKE METODE", "EKSTENZIJSKE METODE", "{D7C14340-CB92-4F0B-83ED-06069AE179A8}"
EndProject
Project("{FAE04EC0-301F-11D3-BF4B-00C04F79EFBC}") = "Exten_Methods_01", "Exten_Methods_01\Exten_Methods_01.csproj", "{79FC6A5B-63FD-4312-89D2-C780FE641467}"
EndProject
Project("{FAE04EC0-301F-11D3-BF4B-00C04F79EFBC}") = "Exending_Interface", "Exending_Interface\Exending_Interface.csproj", "{707943CA-A24E-492F-A97A-0137C1A69E6A}"
EndProject
Project("{2150E333-8FDC-42A3-9474-1A3956D46DE8}") = "ANONIMNI TIPOVI", "ANONIMNI TIPOVI", "{CB1C8E07-7313-4E3F-91CB-9E817C27B2ED}"
EndProject
Project("{FAE04EC0-301F-11D3-BF4B-00C04F79EFBC}") = "Anonim_Types_01", "Anonim_Types_01\Anonim_Types_01.csproj", "{53B58BE4-A323-4AA2-920D-74B5AF4A182F}"
EndProject
Project("{2150E333-8FDC-42A3-9474-1A3956D46DE8}") = "LINQ", "LINQ", "{20F083DC-DA1C-49FA-B151-0CA45D6EF99F}"
EndProject
Project("{FAE04EC0-301F-11D3-BF4B-00C04F79EFBC}") = "LingOverArray", "LingOverArray\LingOverArray.csproj", "{1512DA73-308B-4ED9-9293-9CB95B6EEFEF}"
EndProject
Project("{FAE04EC0-301F-11D3-BF4B-00C04F79EFBC}") = "LinqReturnValues", "LinqReturnValues\LinqReturnValues.csproj", "{DB8FF837-5F8C-4198-9A64-D049F04F90A7}"
EndProject
Project("{FAE04EC0-301F-11D3-BF4B-00C04F79EFBC}") = "LinqNaKolekcije", "LinqNaKolekcije\LinqNaKolekcije.csproj", "{E1486331-22E2-4379-B4B0-B7336601CF4E}"
EndProject
Project("{FAE04EC0-301F-11D3-BF4B-00C04F79EFBC}") = "LinqIzrazi", "LinqIzrazi\LinqIzrazi.csproj", "{FA08C379-257F-4154-A4B2-2F41FAA30E67}"
EndProject
Project("{FAE04EC0-301F-11D3-BF4B-00C04F79EFBC}") = "Linq_Koristeci_Enumerable", "Linq_Koristeci_Enumerable\Linq_Koristeci_Enumerable.csproj", "{BF3621AA-CB90-4D32-9011-DEB07D35F3B2}"
EndProject
Project("{2150E333-8FDC-42A3-9474-1A3956D46DE8}") = "DATA STRUKTURE", "DATA STRUKTURE", "{04400EF8-BE07-4CDB-975E-4B99CDDF8A4F}"
EndProject
Project("{FAE04EC0-301F-11D3-BF4B-00C04F79EFBC}") = "DataStructures_01", "DataStructures_01\DataStructures_01.csproj", "{1AC82397-C1DA-4CDC-9C14-67A28CC06EAC}"
EndProject
Project("{FAE04EC0-301F-11D3-BF4B-00C04F79EFBC}") = "Collections_Arrays", "Collections_Arrays\Collections_Arrays.csproj", "{509C0977-DE34-4DCE-912B-0A0C226036EC}"
EndProject
Project("{FAE04EC0-301F-11D3-BF4B-00C04F79EFBC}") = "Collections_Arrays_02", "Collections_Arrays_02\Collections_Arrays_02.csproj", "{06A991CD-DDBF-4C46-97F3-4529D9D6DF4F}"
EndProject
Project("{FAE04EC0-301F-11D3-BF4B-00C04F79EFBC}") = "TestForm", "TestForm\TestForm.csproj", "{5BF628B4-315F-41E2-9551-EC5831BF6821}"
EndProject
Project("{FAE04EC0-301F-11D3-BF4B-00C04F79EFBC}") = "Coll_Inter_IEnumerable", "Coll_Inter_IEnumerable\Coll_Inter_IEnumerable.csproj", "{62CE9CFC-C3CA-4D84-974D-40C24E51D90F}"
EndProject
Project("{FAE04EC0-301F-11D3-BF4B-00C04F79EFBC}") = "LinearArraySearch", "LinearArraySearch\LinearArraySearch.csproj", "{136696DD-F9D1-4E14-B784-64B19BDAC782}"
EndProject
Project("{2150E333-8FDC-42A3-9474-1A3956D46DE8}") = "POLIMORFIZAM", "POLIMORFIZAM", "{AF4DE6F2-9813-42D3-AE57-6DFEF2AB5ED5}"
EndProject
Project("{FAE04EC0-301F-11D3-BF4B-00C04F79EFBC}") = "Polimofizam_01", "Polimofizam_01\Polimofizam_01.csproj", "{6383449C-AE9B-47F6-A0C9-5A2B97226EE4}"
EndProject
Project("{2150E333-8FDC-42A3-9474-1A3956D46DE8}") = "Revizija", "Revizija", "{6E799A98-7C05-413C-BC5F-ECE7568F94FF}"
EndProject
Project("{FAE04EC0-301F-11D3-BF4B-00C04F79EFBC}") = "REV_LinqOverArray", "REVIZIJA\LINQ\REV_LinqOverArray\REV_LinqOverArray.csproj", "{CE66D168-2CD1-455F-B0E4-9A15B582D40A}"
EndProject
Project("{FAE04EC0-301F-11D3-BF4B-00C04F79EFBC}") = "LINQ_MSDN", "REVIZIJA\LINQ\LINQ_MSDN\LINQ_MSDN.csproj", "{782BE12A-34AB-4445-A07C-7A030943D3F3}"
EndProject
Project("{2150E333-8FDC-42A3-9474-1A3956D46DE8}") = "70 -536", "70 -536", "{A8F7683C-C028-427E-9267-B7084E1B1DFA}"
EndProject
Project("{2150E333-8FDC-42A3-9474-1A3956D46DE8}") = "Chaper 2 system.IO", "Chaper 2 system.IO", "{989A5932-8578-493E-9300-EC9C66D4906D}"
EndProject
Project("{FAE04EC0-301F-11D3-BF4B-00C04F79EFBC}") = "BrowseFileSytem", "BrowseFileSytem\BrowseFileSytem.csproj", "{CCBC6C5B-DA6E-4937-8E39-91972619F861}"
EndProject
Project("{2150E333-8FDC-42A3-9474-1A3956D46DE8}") = "Visual CSharp Recepies", "Visual CSharp Recepies", "{5ABC0AE3-B3B7-4128-B137-CF32F5DD5E2C}"
EndProject
Project("{FAE04EC0-301F-11D3-BF4B-00C04F79EFBC}") = "GenericClass", "VSRecepies\DataManipulation\GenericClass\GenericClass.csproj", "{C3B1E491-A447-4036-B56E-3577D255C3E0}"
EndProject
Project("{2150E333-8FDC-42A3-9474-1A3956D46DE8}") = "Data Manipulation", "Data Manipulation", "{D7BF16CE-89AB-4E37-92FF-0B322E4CDAE9}"
EndProject
Project("{FAE04EC0-301F-11D3-BF4B-00C04F79EFBC}") = "FIleInfo", "FIleInfo\FIleInfo.csproj", "{9B6FE581-8B97-4B94-90DB-0EA1D604A277}"
EndProject
Project("{FAE04EC0-301F-11D3-BF4B-00C04F79EFBC}") = "LINQ_GroundUp_MSDN", "LINQ_GroundUp_MSDN\LINQ_GroundUp_MSDN.csproj", "{F0D7CF27-B5C3-437D-BC57-713642690969}"
EndProject
Project("{2150E333-8FDC-42A3-9474-1A3956D46DE8}") = "OBJECT LIFETIME", "OBJECT LIFETIME", "{D4CEA006-2EE6-404B-A7C7-236C5A36FB3F}"
EndProject
Project("{FAE04EC0-301F-11D3-BF4B-00C04F79EFBC}") = "Object_Lifetime_01", "Object_Lifetime_01\Object_Lifetime_01.csproj", "{A374F068-7A91-4453-8E97-B13A6304C762}"
EndProject
Global
	GlobalSection(SolutionConfigurationPlatforms) = preSolution
		Debug|Any CPU = Debug|Any CPU
		Release|Any CPU = Release|Any CPU
	EndGlobalSection
	GlobalSection(ProjectConfigurationPlatforms) = postSolution
		{232E90F9-C448-4B0F-BAF7-C837080BB425}.Debug|Any CPU.ActiveCfg = Debug|Any CPU
		{232E90F9-C448-4B0F-BAF7-C837080BB425}.Debug|Any CPU.Build.0 = Debug|Any CPU
		{232E90F9-C448-4B0F-BAF7-C837080BB425}.Release|Any CPU.ActiveCfg = Release|Any CPU
		{232E90F9-C448-4B0F-BAF7-C837080BB425}.Release|Any CPU.Build.0 = Release|Any CPU
		{6FDA39CD-FBFE-4D1E-BFE4-BEFB9000B632}.Debug|Any CPU.ActiveCfg = Debug|Any CPU
		{6FDA39CD-FBFE-4D1E-BFE4-BEFB9000B632}.Debug|Any CPU.Build.0 = Debug|Any CPU
		{6FDA39CD-FBFE-4D1E-BFE4-BEFB9000B632}.Release|Any CPU.ActiveCfg = Release|Any CPU
		{6FDA39CD-FBFE-4D1E-BFE4-BEFB9000B632}.Release|Any CPU.Build.0 = Release|Any CPU
		{E1259BF2-DF86-495B-BA8C-0CCC901C0D50}.Debug|Any CPU.ActiveCfg = Debug|Any CPU
		{E1259BF2-DF86-495B-BA8C-0CCC901C0D50}.Debug|Any CPU.Build.0 = Debug|Any CPU
		{E1259BF2-DF86-495B-BA8C-0CCC901C0D50}.Release|Any CPU.ActiveCfg = Release|Any CPU
		{E1259BF2-DF86-495B-BA8C-0CCC901C0D50}.Release|Any CPU.Build.0 = Release|Any CPU
		{45742B46-06F4-4E41-8458-4ECFAE09189B}.Debug|Any CPU.ActiveCfg = Debug|Any CPU
		{45742B46-06F4-4E41-8458-4ECFAE09189B}.Debug|Any CPU.Build.0 = Debug|Any CPU
		{45742B46-06F4-4E41-8458-4ECFAE09189B}.Release|Any CPU.ActiveCfg = Release|Any CPU
		{45742B46-06F4-4E41-8458-4ECFAE09189B}.Release|Any CPU.Build.0 = Release|Any CPU
		{8AC20257-9A8D-45BE-A11B-3AC58D60E63B}.Debug|Any CPU.ActiveCfg = Debug|Any CPU
		{8AC20257-9A8D-45BE-A11B-3AC58D60E63B}.Debug|Any CPU.Build.0 = Debug|Any CPU
		{8AC20257-9A8D-45BE-A11B-3AC58D60E63B}.Release|Any CPU.ActiveCfg = Release|Any CPU
		{8AC20257-9A8D-45BE-A11B-3AC58D60E63B}.Release|Any CPU.Build.0 = Release|Any CPU
		{7F546A18-2241-4A2B-88E9-7C90A1C3D129}.Debug|Any CPU.ActiveCfg = Debug|Any CPU
		{7F546A18-2241-4A2B-88E9-7C90A1C3D129}.Debug|Any CPU.Build.0 = Debug|Any CPU
		{7F546A18-2241-4A2B-88E9-7C90A1C3D129}.Release|Any CPU.ActiveCfg = Release|Any CPU
		{7F546A18-2241-4A2B-88E9-7C90A1C3D129}.Release|Any CPU.Build.0 = Release|Any CPU
		{8F286DD1-C9AC-4E69-AF01-9F14999681EB}.Debug|Any CPU.ActiveCfg = Debug|Any CPU
		{8F286DD1-C9AC-4E69-AF01-9F14999681EB}.Debug|Any CPU.Build.0 = Debug|Any CPU
		{8F286DD1-C9AC-4E69-AF01-9F14999681EB}.Release|Any CPU.ActiveCfg = Release|Any CPU
		{8F286DD1-C9AC-4E69-AF01-9F14999681EB}.Release|Any CPU.Build.0 = Release|Any CPU
		{1990B3EA-3A30-40FA-A052-9B1228553968}.Debug|Any CPU.ActiveCfg = Debug|Any CPU
		{1990B3EA-3A30-40FA-A052-9B1228553968}.Debug|Any CPU.Build.0 = Debug|Any CPU
		{1990B3EA-3A30-40FA-A052-9B1228553968}.Release|Any CPU.ActiveCfg = Release|Any CPU
		{1990B3EA-3A30-40FA-A052-9B1228553968}.Release|Any CPU.Build.0 = Release|Any CPU
		{5A225DD4-833A-40EB-8738-8FBBEAC9AFF5}.Debug|Any CPU.ActiveCfg = Debug|Any CPU
		{5A225DD4-833A-40EB-8738-8FBBEAC9AFF5}.Debug|Any CPU.Build.0 = Debug|Any CPU
		{5A225DD4-833A-40EB-8738-8FBBEAC9AFF5}.Release|Any CPU.ActiveCfg = Release|Any CPU
		{5A225DD4-833A-40EB-8738-8FBBEAC9AFF5}.Release|Any CPU.Build.0 = Release|Any CPU
		{71720D62-B8B9-46EF-B76A-6D2F48961C99}.Debug|Any CPU.ActiveCfg = Debug|Any CPU
		{71720D62-B8B9-46EF-B76A-6D2F48961C99}.Debug|Any CPU.Build.0 = Debug|Any CPU
		{71720D62-B8B9-46EF-B76A-6D2F48961C99}.Release|Any CPU.ActiveCfg = Release|Any CPU
		{71720D62-B8B9-46EF-B76A-6D2F48961C99}.Release|Any CPU.Build.0 = Release|Any CPU
		{7FD50113-8E26-4E4F-9F2E-B45C089BCB90}.Debug|Any CPU.ActiveCfg = Debug|Any CPU
		{7FD50113-8E26-4E4F-9F2E-B45C089BCB90}.Debug|Any CPU.Build.0 = Debug|Any CPU
		{7FD50113-8E26-4E4F-9F2E-B45C089BCB90}.Release|Any CPU.ActiveCfg = Release|Any CPU
		{7FD50113-8E26-4E4F-9F2E-B45C089BCB90}.Release|Any CPU.Build.0 = Release|Any CPU
		{63AEE5BA-2E4F-45E5-A5A8-5C981BE3C412}.Debug|Any CPU.ActiveCfg = Debug|Any CPU
		{63AEE5BA-2E4F-45E5-A5A8-5C981BE3C412}.Debug|Any CPU.Build.0 = Debug|Any CPU
		{63AEE5BA-2E4F-45E5-A5A8-5C981BE3C412}.Release|Any CPU.ActiveCfg = Release|Any CPU
		{63AEE5BA-2E4F-45E5-A5A8-5C981BE3C412}.Release|Any CPU.Build.0 = Release|Any CPU
		{5B1B0003-AE45-4EDC-B561-BF4985B7B4C6}.Debug|Any CPU.ActiveCfg = Debug|Any CPU
		{5B1B0003-AE45-4EDC-B561-BF4985B7B4C6}.Debug|Any CPU.Build.0 = Debug|Any CPU
		{5B1B0003-AE45-4EDC-B561-BF4985B7B4C6}.Release|Any CPU.ActiveCfg = Release|Any CPU
		{5B1B0003-AE45-4EDC-B561-BF4985B7B4C6}.Release|Any CPU.Build.0 = Release|Any CPU
		{8C9449A9-6DA1-407D-ACDE-026E57B5118F}.Debug|Any CPU.ActiveCfg = Debug|Any CPU
		{8C9449A9-6DA1-407D-ACDE-026E57B5118F}.Debug|Any CPU.Build.0 = Debug|Any CPU
		{8C9449A9-6DA1-407D-ACDE-026E57B5118F}.Release|Any CPU.ActiveCfg = Release|Any CPU
		{8C9449A9-6DA1-407D-ACDE-026E57B5118F}.Release|Any CPU.Build.0 = Release|Any CPU
		{50BD1D3D-5AF0-4A15-A59F-C9DA7A021080}.Debug|Any CPU.ActiveCfg = Debug|Any CPU
		{50BD1D3D-5AF0-4A15-A59F-C9DA7A021080}.Debug|Any CPU.Build.0 = Debug|Any CPU
		{50BD1D3D-5AF0-4A15-A59F-C9DA7A021080}.Release|Any CPU.ActiveCfg = Release|Any CPU
		{50BD1D3D-5AF0-4A15-A59F-C9DA7A021080}.Release|Any CPU.Build.0 = Release|Any CPU
		{59C68A82-0672-4EBB-AD71-06CA88A5DC7E}.Debug|Any CPU.ActiveCfg = Debug|Any CPU
		{59C68A82-0672-4EBB-AD71-06CA88A5DC7E}.Debug|Any CPU.Build.0 = Debug|Any CPU
		{59C68A82-0672-4EBB-AD71-06CA88A5DC7E}.Release|Any CPU.ActiveCfg = Release|Any CPU
		{59C68A82-0672-4EBB-AD71-06CA88A5DC7E}.Release|Any CPU.Build.0 = Release|Any CPU
		{4C9BFA0B-280A-482B-9644-1C49F3BD2524}.Debug|Any CPU.ActiveCfg = Debug|Any CPU
		{4C9BFA0B-280A-482B-9644-1C49F3BD2524}.Debug|Any CPU.Build.0 = Debug|Any CPU
		{4C9BFA0B-280A-482B-9644-1C49F3BD2524}.Release|Any CPU.ActiveCfg = Release|Any CPU
		{4C9BFA0B-280A-482B-9644-1C49F3BD2524}.Release|Any CPU.Build.0 = Release|Any CPU
		{8C923CE7-F3C6-40AE-8C94-1CCC2909772F}.Debug|Any CPU.ActiveCfg = Debug|Any CPU
		{8C923CE7-F3C6-40AE-8C94-1CCC2909772F}.Debug|Any CPU.Build.0 = Debug|Any CPU
		{8C923CE7-F3C6-40AE-8C94-1CCC2909772F}.Release|Any CPU.ActiveCfg = Release|Any CPU
		{8C923CE7-F3C6-40AE-8C94-1CCC2909772F}.Release|Any CPU.Build.0 = Release|Any CPU
		{D2B2935C-D843-449F-A6C1-3796260B7021}.Debug|Any CPU.ActiveCfg = Debug|Any CPU
		{D2B2935C-D843-449F-A6C1-3796260B7021}.Debug|Any CPU.Build.0 = Debug|Any CPU
		{D2B2935C-D843-449F-A6C1-3796260B7021}.Release|Any CPU.ActiveCfg = Release|Any CPU
		{D2B2935C-D843-449F-A6C1-3796260B7021}.Release|Any CPU.Build.0 = Release|Any CPU
		{C8CF430C-FCA9-4BB6-9A61-A2E01210AEBF}.Debug|Any CPU.ActiveCfg = Debug|Any CPU
		{C8CF430C-FCA9-4BB6-9A61-A2E01210AEBF}.Debug|Any CPU.Build.0 = Debug|Any CPU
		{C8CF430C-FCA9-4BB6-9A61-A2E01210AEBF}.Release|Any CPU.ActiveCfg = Release|Any CPU
		{C8CF430C-FCA9-4BB6-9A61-A2E01210AEBF}.Release|Any CPU.Build.0 = Release|Any CPU
		{70C50545-E705-4A87-BCA4-9DAAAC447AF1}.Debug|Any CPU.ActiveCfg = Debug|Any CPU
		{70C50545-E705-4A87-BCA4-9DAAAC447AF1}.Debug|Any CPU.Build.0 = Debug|Any CPU
		{70C50545-E705-4A87-BCA4-9DAAAC447AF1}.Release|Any CPU.ActiveCfg = Release|Any CPU
		{70C50545-E705-4A87-BCA4-9DAAAC447AF1}.Release|Any CPU.Build.0 = Release|Any CPU
		{C896096E-7B5D-4459-9372-D318C6F58A4B}.Debug|Any CPU.ActiveCfg = Debug|Any CPU
		{C896096E-7B5D-4459-9372-D318C6F58A4B}.Debug|Any CPU.Build.0 = Debug|Any CPU
		{C896096E-7B5D-4459-9372-D318C6F58A4B}.Release|Any CPU.ActiveCfg = Release|Any CPU
		{C896096E-7B5D-4459-9372-D318C6F58A4B}.Release|Any CPU.Build.0 = Release|Any CPU
		{D0F7BEF3-CBEC-4435-BABF-383FEE28714A}.Debug|Any CPU.ActiveCfg = Debug|Any CPU
		{D0F7BEF3-CBEC-4435-BABF-383FEE28714A}.Debug|Any CPU.Build.0 = Debug|Any CPU
		{D0F7BEF3-CBEC-4435-BABF-383FEE28714A}.Release|Any CPU.ActiveCfg = Release|Any CPU
		{D0F7BEF3-CBEC-4435-BABF-383FEE28714A}.Release|Any CPU.Build.0 = Release|Any CPU
		{1A6EA047-4545-4C91-A024-3CE221077F5E}.Debug|Any CPU.ActiveCfg = Debug|Any CPU
		{1A6EA047-4545-4C91-A024-3CE221077F5E}.Debug|Any CPU.Build.0 = Debug|Any CPU
		{1A6EA047-4545-4C91-A024-3CE221077F5E}.Release|Any CPU.ActiveCfg = Release|Any CPU
		{1A6EA047-4545-4C91-A024-3CE221077F5E}.Release|Any CPU.Build.0 = Release|Any CPU
		{FA591DEC-D688-4B83-ACCA-76988D36A690}.Debug|Any CPU.ActiveCfg = Debug|Any CPU
		{FA591DEC-D688-4B83-ACCA-76988D36A690}.Debug|Any CPU.Build.0 = Debug|Any CPU
		{FA591DEC-D688-4B83-ACCA-76988D36A690}.Release|Any CPU.ActiveCfg = Release|Any CPU
		{FA591DEC-D688-4B83-ACCA-76988D36A690}.Release|Any CPU.Build.0 = Release|Any CPU
		{C9C69404-548F-4FD1-985B-4D692905BDE0}.Debug|Any CPU.ActiveCfg = Debug|Any CPU
		{C9C69404-548F-4FD1-985B-4D692905BDE0}.Debug|Any CPU.Build.0 = Debug|Any CPU
		{C9C69404-548F-4FD1-985B-4D692905BDE0}.Release|Any CPU.ActiveCfg = Release|Any CPU
		{C9C69404-548F-4FD1-985B-4D692905BDE0}.Release|Any CPU.Build.0 = Release|Any CPU
		{E454A009-87EE-42FC-8292-7EC4819CE14A}.Debug|Any CPU.ActiveCfg = Debug|Any CPU
		{E454A009-87EE-42FC-8292-7EC4819CE14A}.Debug|Any CPU.Build.0 = Debug|Any CPU
		{E454A009-87EE-42FC-8292-7EC4819CE14A}.Release|Any CPU.ActiveCfg = Release|Any CPU
		{E454A009-87EE-42FC-8292-7EC4819CE14A}.Release|Any CPU.Build.0 = Release|Any CPU
		{F8314B04-9ED4-4301-AC66-D84137668896}.Debug|Any CPU.ActiveCfg = Debug|Any CPU
		{F8314B04-9ED4-4301-AC66-D84137668896}.Debug|Any CPU.Build.0 = Debug|Any CPU
		{F8314B04-9ED4-4301-AC66-D84137668896}.Release|Any CPU.ActiveCfg = Release|Any CPU
		{F8314B04-9ED4-4301-AC66-D84137668896}.Release|Any CPU.Build.0 = Release|Any CPU
		{A4EB347F-94A6-47B8-87F6-A4902E4291DA}.Debug|Any CPU.ActiveCfg = Debug|Any CPU
		{A4EB347F-94A6-47B8-87F6-A4902E4291DA}.Debug|Any CPU.Build.0 = Debug|Any CPU
		{A4EB347F-94A6-47B8-87F6-A4902E4291DA}.Release|Any CPU.ActiveCfg = Release|Any CPU
		{A4EB347F-94A6-47B8-87F6-A4902E4291DA}.Release|Any CPU.Build.0 = Release|Any CPU
		{38C1A7D3-43F8-4B8D-99A8-61FA65976EFF}.Debug|Any CPU.ActiveCfg = Debug|Any CPU
		{38C1A7D3-43F8-4B8D-99A8-61FA65976EFF}.Debug|Any CPU.Build.0 = Debug|Any CPU
		{38C1A7D3-43F8-4B8D-99A8-61FA65976EFF}.Release|Any CPU.ActiveCfg = Release|Any CPU
		{38C1A7D3-43F8-4B8D-99A8-61FA65976EFF}.Release|Any CPU.Build.0 = Release|Any CPU
		{0BEFDC80-406C-46FE-8462-7F5C2989B022}.Debug|Any CPU.ActiveCfg = Debug|Any CPU
		{0BEFDC80-406C-46FE-8462-7F5C2989B022}.Debug|Any CPU.Build.0 = Debug|Any CPU
		{0BEFDC80-406C-46FE-8462-7F5C2989B022}.Release|Any CPU.ActiveCfg = Release|Any CPU
		{0BEFDC80-406C-46FE-8462-7F5C2989B022}.Release|Any CPU.Build.0 = Release|Any CPU
		{C500FF1F-B9EA-4B36-9803-E46C8912AA24}.Debug|Any CPU.ActiveCfg = Debug|Any CPU
		{C500FF1F-B9EA-4B36-9803-E46C8912AA24}.Debug|Any CPU.Build.0 = Debug|Any CPU
		{C500FF1F-B9EA-4B36-9803-E46C8912AA24}.Release|Any CPU.ActiveCfg = Release|Any CPU
		{C500FF1F-B9EA-4B36-9803-E46C8912AA24}.Release|Any CPU.Build.0 = Release|Any CPU
		{24EAA54F-84F0-4532-A9AE-06EC8B22B879}.Debug|Any CPU.ActiveCfg = Debug|Any CPU
		{24EAA54F-84F0-4532-A9AE-06EC8B22B879}.Debug|Any CPU.Build.0 = Debug|Any CPU
		{24EAA54F-84F0-4532-A9AE-06EC8B22B879}.Release|Any CPU.ActiveCfg = Release|Any CPU
		{24EAA54F-84F0-4532-A9AE-06EC8B22B879}.Release|Any CPU.Build.0 = Release|Any CPU
		{2FD01441-6AB8-4967-BDCA-784B76C4A78F}.Debug|Any CPU.ActiveCfg = Debug|Any CPU
		{2FD01441-6AB8-4967-BDCA-784B76C4A78F}.Debug|Any CPU.Build.0 = Debug|Any CPU
		{2FD01441-6AB8-4967-BDCA-784B76C4A78F}.Release|Any CPU.ActiveCfg = Release|Any CPU
		{2FD01441-6AB8-4967-BDCA-784B76C4A78F}.Release|Any CPU.Build.0 = Release|Any CPU
		{116D521C-7EA5-4F85-91B0-04BD9B99D61C}.Debug|Any CPU.ActiveCfg = Debug|Any CPU
		{116D521C-7EA5-4F85-91B0-04BD9B99D61C}.Debug|Any CPU.Build.0 = Debug|Any CPU
		{116D521C-7EA5-4F85-91B0-04BD9B99D61C}.Release|Any CPU.ActiveCfg = Release|Any CPU
		{116D521C-7EA5-4F85-91B0-04BD9B99D61C}.Release|Any CPU.Build.0 = Release|Any CPU
		{BDEE7C65-6F97-4395-9CB2-7F5B89C09556}.Debug|Any CPU.ActiveCfg = Debug|Any CPU
		{BDEE7C65-6F97-4395-9CB2-7F5B89C09556}.Debug|Any CPU.Build.0 = Debug|Any CPU
		{BDEE7C65-6F97-4395-9CB2-7F5B89C09556}.Release|Any CPU.ActiveCfg = Release|Any CPU
		{BDEE7C65-6F97-4395-9CB2-7F5B89C09556}.Release|Any CPU.Build.0 = Release|Any CPU
		{20B0DF32-680D-45B3-86DD-53DAC2192E02}.Debug|Any CPU.ActiveCfg = Debug|Any CPU
		{20B0DF32-680D-45B3-86DD-53DAC2192E02}.Debug|Any CPU.Build.0 = Debug|Any CPU
		{20B0DF32-680D-45B3-86DD-53DAC2192E02}.Release|Any CPU.ActiveCfg = Release|Any CPU
		{20B0DF32-680D-45B3-86DD-53DAC2192E02}.Release|Any CPU.Build.0 = Release|Any CPU
		{5007E6CC-FC39-404C-8A51-2EAA9AFCDBF1}.Debug|Any CPU.ActiveCfg = Debug|Any CPU
		{5007E6CC-FC39-404C-8A51-2EAA9AFCDBF1}.Debug|Any CPU.Build.0 = Debug|Any CPU
		{5007E6CC-FC39-404C-8A51-2EAA9AFCDBF1}.Release|Any CPU.ActiveCfg = Release|Any CPU
		{5007E6CC-FC39-404C-8A51-2EAA9AFCDBF1}.Release|Any CPU.Build.0 = Release|Any CPU
		{1A45A0E9-27B0-4302-B5BD-EF46958C720D}.Debug|Any CPU.ActiveCfg = Debug|Any CPU
		{1A45A0E9-27B0-4302-B5BD-EF46958C720D}.Debug|Any CPU.Build.0 = Debug|Any CPU
		{1A45A0E9-27B0-4302-B5BD-EF46958C720D}.Release|Any CPU.ActiveCfg = Release|Any CPU
		{1A45A0E9-27B0-4302-B5BD-EF46958C720D}.Release|Any CPU.Build.0 = Release|Any CPU
		{AFE1FFB1-029A-47A3-88AD-30680AFE64E5}.Debug|Any CPU.ActiveCfg = Debug|Any CPU
		{AFE1FFB1-029A-47A3-88AD-30680AFE64E5}.Debug|Any CPU.Build.0 = Debug|Any CPU
		{AFE1FFB1-029A-47A3-88AD-30680AFE64E5}.Release|Any CPU.ActiveCfg = Release|Any CPU
		{AFE1FFB1-029A-47A3-88AD-30680AFE64E5}.Release|Any CPU.Build.0 = Release|Any CPU
		{76B0AD82-E0D7-4CE2-B5A4-30F329D50A73}.Debug|Any CPU.ActiveCfg = Debug|Any CPU
		{76B0AD82-E0D7-4CE2-B5A4-30F329D50A73}.Debug|Any CPU.Build.0 = Debug|Any CPU
		{76B0AD82-E0D7-4CE2-B5A4-30F329D50A73}.Release|Any CPU.ActiveCfg = Release|Any CPU
		{76B0AD82-E0D7-4CE2-B5A4-30F329D50A73}.Release|Any CPU.Build.0 = Release|Any CPU
		{F81FBD93-E2C8-442D-8544-D70E92AA84E2}.Debug|Any CPU.ActiveCfg = Debug|Any CPU
		{F81FBD93-E2C8-442D-8544-D70E92AA84E2}.Debug|Any CPU.Build.0 = Debug|Any CPU
		{F81FBD93-E2C8-442D-8544-D70E92AA84E2}.Release|Any CPU.ActiveCfg = Release|Any CPU
		{F81FBD93-E2C8-442D-8544-D70E92AA84E2}.Release|Any CPU.Build.0 = Release|Any CPU
		{1E501B16-0975-49B9-84B3-63952E722161}.Debug|Any CPU.ActiveCfg = Debug|Any CPU
		{1E501B16-0975-49B9-84B3-63952E722161}.Debug|Any CPU.Build.0 = Debug|Any CPU
		{1E501B16-0975-49B9-84B3-63952E722161}.Release|Any CPU.ActiveCfg = Release|Any CPU
		{1E501B16-0975-49B9-84B3-63952E722161}.Release|Any CPU.Build.0 = Release|Any CPU
		{FCB69933-70CE-4A96-9EB5-68FA51051841}.Debug|Any CPU.ActiveCfg = Debug|Any CPU
		{FCB69933-70CE-4A96-9EB5-68FA51051841}.Debug|Any CPU.Build.0 = Debug|Any CPU
		{FCB69933-70CE-4A96-9EB5-68FA51051841}.Release|Any CPU.ActiveCfg = Release|Any CPU
		{FCB69933-70CE-4A96-9EB5-68FA51051841}.Release|Any CPU.Build.0 = Release|Any CPU
		{0D3CB892-3DA7-4E1D-AD4A-A7059EBFD0F7}.Debug|Any CPU.ActiveCfg = Debug|Any CPU
		{0D3CB892-3DA7-4E1D-AD4A-A7059EBFD0F7}.Debug|Any CPU.Build.0 = Debug|Any CPU
		{0D3CB892-3DA7-4E1D-AD4A-A7059EBFD0F7}.Release|Any CPU.ActiveCfg = Release|Any CPU
		{0D3CB892-3DA7-4E1D-AD4A-A7059EBFD0F7}.Release|Any CPU.Build.0 = Release|Any CPU
		{D1961221-4F69-4F7E-86A2-61B058191850}.Debug|Any CPU.ActiveCfg = Debug|Any CPU
		{D1961221-4F69-4F7E-86A2-61B058191850}.Debug|Any CPU.Build.0 = Debug|Any CPU
		{D1961221-4F69-4F7E-86A2-61B058191850}.Release|Any CPU.ActiveCfg = Release|Any CPU
		{D1961221-4F69-4F7E-86A2-61B058191850}.Release|Any CPU.Build.0 = Release|Any CPU
		{8F84AE54-6515-405D-8F9F-858A5E0284AD}.Debug|Any CPU.ActiveCfg = Debug|Any CPU
		{8F84AE54-6515-405D-8F9F-858A5E0284AD}.Debug|Any CPU.Build.0 = Debug|Any CPU
		{8F84AE54-6515-405D-8F9F-858A5E0284AD}.Release|Any CPU.ActiveCfg = Release|Any CPU
		{8F84AE54-6515-405D-8F9F-858A5E0284AD}.Release|Any CPU.Build.0 = Release|Any CPU
		{05091EB3-79CA-4BF5-A410-B5A1F9E8B6F4}.Debug|Any CPU.ActiveCfg = Debug|Any CPU
		{05091EB3-79CA-4BF5-A410-B5A1F9E8B6F4}.Debug|Any CPU.Build.0 = Debug|Any CPU
		{05091EB3-79CA-4BF5-A410-B5A1F9E8B6F4}.Release|Any CPU.ActiveCfg = Release|Any CPU
		{05091EB3-79CA-4BF5-A410-B5A1F9E8B6F4}.Release|Any CPU.Build.0 = Release|Any CPU
		{F65328A7-27D8-48DE-B8DC-8FB64E4073B7}.Debug|Any CPU.ActiveCfg = Debug|Any CPU
		{F65328A7-27D8-48DE-B8DC-8FB64E4073B7}.Debug|Any CPU.Build.0 = Debug|Any CPU
		{F65328A7-27D8-48DE-B8DC-8FB64E4073B7}.Release|Any CPU.ActiveCfg = Release|Any CPU
		{F65328A7-27D8-48DE-B8DC-8FB64E4073B7}.Release|Any CPU.Build.0 = Release|Any CPU
		{0F65F465-A5C2-435F-B157-3E8A35B5B4CA}.Debug|Any CPU.ActiveCfg = Debug|Any CPU
		{0F65F465-A5C2-435F-B157-3E8A35B5B4CA}.Debug|Any CPU.Build.0 = Debug|Any CPU
		{0F65F465-A5C2-435F-B157-3E8A35B5B4CA}.Release|Any CPU.ActiveCfg = Release|Any CPU
		{0F65F465-A5C2-435F-B157-3E8A35B5B4CA}.Release|Any CPU.Build.0 = Release|Any CPU
		{76220AAC-D522-4851-9DC3-B941710460D6}.Debug|Any CPU.ActiveCfg = Debug|Any CPU
		{76220AAC-D522-4851-9DC3-B941710460D6}.Debug|Any CPU.Build.0 = Debug|Any CPU
		{76220AAC-D522-4851-9DC3-B941710460D6}.Release|Any CPU.ActiveCfg = Release|Any CPU
		{76220AAC-D522-4851-9DC3-B941710460D6}.Release|Any CPU.Build.0 = Release|Any CPU
		{E4DB09F7-499A-4FAE-B080-9B4E89E0482A}.Debug|Any CPU.ActiveCfg = Debug|Any CPU
		{E4DB09F7-499A-4FAE-B080-9B4E89E0482A}.Debug|Any CPU.Build.0 = Debug|Any CPU
		{E4DB09F7-499A-4FAE-B080-9B4E89E0482A}.Release|Any CPU.ActiveCfg = Release|Any CPU
		{E4DB09F7-499A-4FAE-B080-9B4E89E0482A}.Release|Any CPU.Build.0 = Release|Any CPU
		{AFDFE515-3EA9-4132-B683-8D24F143BC74}.Debug|Any CPU.ActiveCfg = Debug|Any CPU
		{AFDFE515-3EA9-4132-B683-8D24F143BC74}.Debug|Any CPU.Build.0 = Debug|Any CPU
		{AFDFE515-3EA9-4132-B683-8D24F143BC74}.Release|Any CPU.ActiveCfg = Release|Any CPU
		{AFDFE515-3EA9-4132-B683-8D24F143BC74}.Release|Any CPU.Build.0 = Release|Any CPU
		{3455CD7E-A280-41D5-AC3B-17687B302B76}.Debug|Any CPU.ActiveCfg = Debug|Any CPU
		{3455CD7E-A280-41D5-AC3B-17687B302B76}.Debug|Any CPU.Build.0 = Debug|Any CPU
		{3455CD7E-A280-41D5-AC3B-17687B302B76}.Release|Any CPU.ActiveCfg = Release|Any CPU
		{3455CD7E-A280-41D5-AC3B-17687B302B76}.Release|Any CPU.Build.0 = Release|Any CPU
		{200BEDB3-1426-4B37-A34D-7F7AC070E467}.Debug|Any CPU.ActiveCfg = Debug|Any CPU
		{200BEDB3-1426-4B37-A34D-7F7AC070E467}.Debug|Any CPU.Build.0 = Debug|Any CPU
		{200BEDB3-1426-4B37-A34D-7F7AC070E467}.Release|Any CPU.ActiveCfg = Release|Any CPU
		{200BEDB3-1426-4B37-A34D-7F7AC070E467}.Release|Any CPU.Build.0 = Release|Any CPU
		{E152F84E-D708-4A24-9D9C-8E4D60A22D53}.Debug|Any CPU.ActiveCfg = Debug|Any CPU
		{E152F84E-D708-4A24-9D9C-8E4D60A22D53}.Debug|Any CPU.Build.0 = Debug|Any CPU
		{E152F84E-D708-4A24-9D9C-8E4D60A22D53}.Release|Any CPU.ActiveCfg = Release|Any CPU
		{E152F84E-D708-4A24-9D9C-8E4D60A22D53}.Release|Any CPU.Build.0 = Release|Any CPU
		{FF12D2B9-9F37-48F2-974F-EA5A03C445DA}.Debug|Any CPU.ActiveCfg = Debug|Any CPU
		{FF12D2B9-9F37-48F2-974F-EA5A03C445DA}.Debug|Any CPU.Build.0 = Debug|Any CPU
		{FF12D2B9-9F37-48F2-974F-EA5A03C445DA}.Release|Any CPU.ActiveCfg = Release|Any CPU
		{FF12D2B9-9F37-48F2-974F-EA5A03C445DA}.Release|Any CPU.Build.0 = Release|Any CPU
		{DF7D6263-2811-4743-B7DE-549A40F7209D}.Debug|Any CPU.ActiveCfg = Debug|Any CPU
		{DF7D6263-2811-4743-B7DE-549A40F7209D}.Debug|Any CPU.Build.0 = Debug|Any CPU
		{DF7D6263-2811-4743-B7DE-549A40F7209D}.Release|Any CPU.ActiveCfg = Release|Any CPU
		{DF7D6263-2811-4743-B7DE-549A40F7209D}.Release|Any CPU.Build.0 = Release|Any CPU
		{71F1687E-7522-4A60-96AF-3874C2E42F26}.Debug|Any CPU.ActiveCfg = Debug|Any CPU
		{71F1687E-7522-4A60-96AF-3874C2E42F26}.Debug|Any CPU.Build.0 = Debug|Any CPU
		{71F1687E-7522-4A60-96AF-3874C2E42F26}.Release|Any CPU.ActiveCfg = Release|Any CPU
		{71F1687E-7522-4A60-96AF-3874C2E42F26}.Release|Any CPU.Build.0 = Release|Any CPU
		{B5E6CFBA-2E52-47B4-BC06-E682BA3F6AB8}.Debug|Any CPU.ActiveCfg = Debug|Any CPU
		{B5E6CFBA-2E52-47B4-BC06-E682BA3F6AB8}.Debug|Any CPU.Build.0 = Debug|Any CPU
		{B5E6CFBA-2E52-47B4-BC06-E682BA3F6AB8}.Release|Any CPU.ActiveCfg = Release|Any CPU
		{B5E6CFBA-2E52-47B4-BC06-E682BA3F6AB8}.Release|Any CPU.Build.0 = Release|Any CPU
		{3FC41C08-621C-406F-849D-0D9948B1CF34}.Debug|Any CPU.ActiveCfg = Debug|Any CPU
		{3FC41C08-621C-406F-849D-0D9948B1CF34}.Debug|Any CPU.Build.0 = Debug|Any CPU
		{3FC41C08-621C-406F-849D-0D9948B1CF34}.Release|Any CPU.ActiveCfg = Release|Any CPU
		{3FC41C08-621C-406F-849D-0D9948B1CF34}.Release|Any CPU.Build.0 = Release|Any CPU
		{23BBF2D3-FB7C-49FE-950C-C05957060AAB}.Debug|Any CPU.ActiveCfg = Debug|Any CPU
		{23BBF2D3-FB7C-49FE-950C-C05957060AAB}.Debug|Any CPU.Build.0 = Debug|Any CPU
		{23BBF2D3-FB7C-49FE-950C-C05957060AAB}.Release|Any CPU.ActiveCfg = Release|Any CPU
		{23BBF2D3-FB7C-49FE-950C-C05957060AAB}.Release|Any CPU.Build.0 = Release|Any CPU
		{C6CD4407-E7D1-4750-A3DF-6BCBCF8B9A09}.Debug|Any CPU.ActiveCfg = Debug|Any CPU
		{C6CD4407-E7D1-4750-A3DF-6BCBCF8B9A09}.Debug|Any CPU.Build.0 = Debug|Any CPU
		{C6CD4407-E7D1-4750-A3DF-6BCBCF8B9A09}.Release|Any CPU.ActiveCfg = Release|Any CPU
		{C6CD4407-E7D1-4750-A3DF-6BCBCF8B9A09}.Release|Any CPU.Build.0 = Release|Any CPU
		{CFCDF064-8497-4086-AB96-F0C00BBA8354}.Debug|Any CPU.ActiveCfg = Debug|Any CPU
		{CFCDF064-8497-4086-AB96-F0C00BBA8354}.Debug|Any CPU.Build.0 = Debug|Any CPU
		{CFCDF064-8497-4086-AB96-F0C00BBA8354}.Release|Any CPU.ActiveCfg = Release|Any CPU
		{CFCDF064-8497-4086-AB96-F0C00BBA8354}.Release|Any CPU.Build.0 = Release|Any CPU
		{D6FBDF15-9D5F-490D-B3A8-A321C27D30CD}.Debug|Any CPU.ActiveCfg = Debug|Any CPU
		{D6FBDF15-9D5F-490D-B3A8-A321C27D30CD}.Debug|Any CPU.Build.0 = Debug|Any CPU
		{D6FBDF15-9D5F-490D-B3A8-A321C27D30CD}.Release|Any CPU.ActiveCfg = Release|Any CPU
		{D6FBDF15-9D5F-490D-B3A8-A321C27D30CD}.Release|Any CPU.Build.0 = Release|Any CPU
		{E293327C-E7BF-4D99-8BE7-CA247159B2E3}.Debug|Any CPU.ActiveCfg = Debug|Any CPU
		{E293327C-E7BF-4D99-8BE7-CA247159B2E3}.Debug|Any CPU.Build.0 = Debug|Any CPU
		{E293327C-E7BF-4D99-8BE7-CA247159B2E3}.Release|Any CPU.ActiveCfg = Release|Any CPU
		{E293327C-E7BF-4D99-8BE7-CA247159B2E3}.Release|Any CPU.Build.0 = Release|Any CPU
		{299499C4-7CDB-49BA-98E1-E473C91B3186}.Debug|Any CPU.ActiveCfg = Debug|Any CPU
		{299499C4-7CDB-49BA-98E1-E473C91B3186}.Debug|Any CPU.Build.0 = Debug|Any CPU
		{299499C4-7CDB-49BA-98E1-E473C91B3186}.Release|Any CPU.ActiveCfg = Release|Any CPU
		{299499C4-7CDB-49BA-98E1-E473C91B3186}.Release|Any CPU.Build.0 = Release|Any CPU
		{26A1DC54-7F86-4AF6-916B-642B1DBD3D1D}.Debug|Any CPU.ActiveCfg = Debug|Any CPU
		{26A1DC54-7F86-4AF6-916B-642B1DBD3D1D}.Debug|Any CPU.Build.0 = Debug|Any CPU
		{26A1DC54-7F86-4AF6-916B-642B1DBD3D1D}.Release|Any CPU.ActiveCfg = Release|Any CPU
		{26A1DC54-7F86-4AF6-916B-642B1DBD3D1D}.Release|Any CPU.Build.0 = Release|Any CPU
		{D0B6B877-A439-4B9E-B1F2-9D9AD751314A}.Debug|Any CPU.ActiveCfg = Debug|Any CPU
		{D0B6B877-A439-4B9E-B1F2-9D9AD751314A}.Debug|Any CPU.Build.0 = Debug|Any CPU
		{D0B6B877-A439-4B9E-B1F2-9D9AD751314A}.Release|Any CPU.ActiveCfg = Release|Any CPU
		{D0B6B877-A439-4B9E-B1F2-9D9AD751314A}.Release|Any CPU.Build.0 = Release|Any CPU
		{3DBD28D2-2571-4AC8-B408-F0F60794794C}.Debug|Any CPU.ActiveCfg = Debug|Any CPU
		{3DBD28D2-2571-4AC8-B408-F0F60794794C}.Debug|Any CPU.Build.0 = Debug|Any CPU
		{3DBD28D2-2571-4AC8-B408-F0F60794794C}.Release|Any CPU.ActiveCfg = Release|Any CPU
		{3DBD28D2-2571-4AC8-B408-F0F60794794C}.Release|Any CPU.Build.0 = Release|Any CPU
		{8804AFF4-E547-4252-B607-6DF6A8C66368}.Debug|Any CPU.ActiveCfg = Debug|Any CPU
		{8804AFF4-E547-4252-B607-6DF6A8C66368}.Debug|Any CPU.Build.0 = Debug|Any CPU
		{8804AFF4-E547-4252-B607-6DF6A8C66368}.Release|Any CPU.ActiveCfg = Release|Any CPU
		{8804AFF4-E547-4252-B607-6DF6A8C66368}.Release|Any CPU.Build.0 = Release|Any CPU
		{E32AF1E5-7D0B-4A64-A590-992AD02A6B6F}.Debug|Any CPU.ActiveCfg = Debug|Any CPU
		{E32AF1E5-7D0B-4A64-A590-992AD02A6B6F}.Debug|Any CPU.Build.0 = Debug|Any CPU
		{E32AF1E5-7D0B-4A64-A590-992AD02A6B6F}.Release|Any CPU.ActiveCfg = Release|Any CPU
		{E32AF1E5-7D0B-4A64-A590-992AD02A6B6F}.Release|Any CPU.Build.0 = Release|Any CPU
		{5438520A-8E52-461B-A83A-3B8E3A84E108}.Debug|Any CPU.ActiveCfg = Debug|Any CPU
		{5438520A-8E52-461B-A83A-3B8E3A84E108}.Debug|Any CPU.Build.0 = Debug|Any CPU
		{5438520A-8E52-461B-A83A-3B8E3A84E108}.Release|Any CPU.ActiveCfg = Release|Any CPU
		{5438520A-8E52-461B-A83A-3B8E3A84E108}.Release|Any CPU.Build.0 = Release|Any CPU
		{79FC6A5B-63FD-4312-89D2-C780FE641467}.Debug|Any CPU.ActiveCfg = Debug|Any CPU
		{79FC6A5B-63FD-4312-89D2-C780FE641467}.Debug|Any CPU.Build.0 = Debug|Any CPU
		{79FC6A5B-63FD-4312-89D2-C780FE641467}.Release|Any CPU.ActiveCfg = Release|Any CPU
		{79FC6A5B-63FD-4312-89D2-C780FE641467}.Release|Any CPU.Build.0 = Release|Any CPU
		{707943CA-A24E-492F-A97A-0137C1A69E6A}.Debug|Any CPU.ActiveCfg = Debug|Any CPU
		{707943CA-A24E-492F-A97A-0137C1A69E6A}.Debug|Any CPU.Build.0 = Debug|Any CPU
		{707943CA-A24E-492F-A97A-0137C1A69E6A}.Release|Any CPU.ActiveCfg = Release|Any CPU
		{707943CA-A24E-492F-A97A-0137C1A69E6A}.Release|Any CPU.Build.0 = Release|Any CPU
		{53B58BE4-A323-4AA2-920D-74B5AF4A182F}.Debug|Any CPU.ActiveCfg = Debug|Any CPU
		{53B58BE4-A323-4AA2-920D-74B5AF4A182F}.Debug|Any CPU.Build.0 = Debug|Any CPU
		{53B58BE4-A323-4AA2-920D-74B5AF4A182F}.Release|Any CPU.ActiveCfg = Release|Any CPU
		{53B58BE4-A323-4AA2-920D-74B5AF4A182F}.Release|Any CPU.Build.0 = Release|Any CPU
		{1512DA73-308B-4ED9-9293-9CB95B6EEFEF}.Debug|Any CPU.ActiveCfg = Debug|Any CPU
		{1512DA73-308B-4ED9-9293-9CB95B6EEFEF}.Debug|Any CPU.Build.0 = Debug|Any CPU
		{1512DA73-308B-4ED9-9293-9CB95B6EEFEF}.Release|Any CPU.ActiveCfg = Release|Any CPU
		{1512DA73-308B-4ED9-9293-9CB95B6EEFEF}.Release|Any CPU.Build.0 = Release|Any CPU
		{DB8FF837-5F8C-4198-9A64-D049F04F90A7}.Debug|Any CPU.ActiveCfg = Debug|Any CPU
		{DB8FF837-5F8C-4198-9A64-D049F04F90A7}.Debug|Any CPU.Build.0 = Debug|Any CPU
		{DB8FF837-5F8C-4198-9A64-D049F04F90A7}.Release|Any CPU.ActiveCfg = Release|Any CPU
		{DB8FF837-5F8C-4198-9A64-D049F04F90A7}.Release|Any CPU.Build.0 = Release|Any CPU
		{E1486331-22E2-4379-B4B0-B7336601CF4E}.Debug|Any CPU.ActiveCfg = Debug|Any CPU
		{E1486331-22E2-4379-B4B0-B7336601CF4E}.Debug|Any CPU.Build.0 = Debug|Any CPU
		{E1486331-22E2-4379-B4B0-B7336601CF4E}.Release|Any CPU.ActiveCfg = Release|Any CPU
		{E1486331-22E2-4379-B4B0-B7336601CF4E}.Release|Any CPU.Build.0 = Release|Any CPU
		{FA08C379-257F-4154-A4B2-2F41FAA30E67}.Debug|Any CPU.ActiveCfg = Debug|Any CPU
		{FA08C379-257F-4154-A4B2-2F41FAA30E67}.Debug|Any CPU.Build.0 = Debug|Any CPU
		{FA08C379-257F-4154-A4B2-2F41FAA30E67}.Release|Any CPU.ActiveCfg = Release|Any CPU
		{FA08C379-257F-4154-A4B2-2F41FAA30E67}.Release|Any CPU.Build.0 = Release|Any CPU
		{BF3621AA-CB90-4D32-9011-DEB07D35F3B2}.Debug|Any CPU.ActiveCfg = Debug|Any CPU
		{BF3621AA-CB90-4D32-9011-DEB07D35F3B2}.Debug|Any CPU.Build.0 = Debug|Any CPU
		{BF3621AA-CB90-4D32-9011-DEB07D35F3B2}.Release|Any CPU.ActiveCfg = Release|Any CPU
		{BF3621AA-CB90-4D32-9011-DEB07D35F3B2}.Release|Any CPU.Build.0 = Release|Any CPU
		{1AC82397-C1DA-4CDC-9C14-67A28CC06EAC}.Debug|Any CPU.ActiveCfg = Debug|Any CPU
		{1AC82397-C1DA-4CDC-9C14-67A28CC06EAC}.Debug|Any CPU.Build.0 = Debug|Any CPU
		{1AC82397-C1DA-4CDC-9C14-67A28CC06EAC}.Release|Any CPU.ActiveCfg = Release|Any CPU
		{1AC82397-C1DA-4CDC-9C14-67A28CC06EAC}.Release|Any CPU.Build.0 = Release|Any CPU
		{509C0977-DE34-4DCE-912B-0A0C226036EC}.Debug|Any CPU.ActiveCfg = Debug|Any CPU
		{509C0977-DE34-4DCE-912B-0A0C226036EC}.Debug|Any CPU.Build.0 = Debug|Any CPU
		{509C0977-DE34-4DCE-912B-0A0C226036EC}.Release|Any CPU.ActiveCfg = Release|Any CPU
		{509C0977-DE34-4DCE-912B-0A0C226036EC}.Release|Any CPU.Build.0 = Release|Any CPU
		{06A991CD-DDBF-4C46-97F3-4529D9D6DF4F}.Debug|Any CPU.ActiveCfg = Debug|Any CPU
		{06A991CD-DDBF-4C46-97F3-4529D9D6DF4F}.Debug|Any CPU.Build.0 = Debug|Any CPU
		{06A991CD-DDBF-4C46-97F3-4529D9D6DF4F}.Release|Any CPU.ActiveCfg = Release|Any CPU
		{06A991CD-DDBF-4C46-97F3-4529D9D6DF4F}.Release|Any CPU.Build.0 = Release|Any CPU
		{5BF628B4-315F-41E2-9551-EC5831BF6821}.Debug|Any CPU.ActiveCfg = Debug|Any CPU
		{5BF628B4-315F-41E2-9551-EC5831BF6821}.Debug|Any CPU.Build.0 = Debug|Any CPU
		{5BF628B4-315F-41E2-9551-EC5831BF6821}.Release|Any CPU.ActiveCfg = Release|Any CPU
		{5BF628B4-315F-41E2-9551-EC5831BF6821}.Release|Any CPU.Build.0 = Release|Any CPU
		{62CE9CFC-C3CA-4D84-974D-40C24E51D90F}.Debug|Any CPU.ActiveCfg = Debug|Any CPU
		{62CE9CFC-C3CA-4D84-974D-40C24E51D90F}.Debug|Any CPU.Build.0 = Debug|Any CPU
		{62CE9CFC-C3CA-4D84-974D-40C24E51D90F}.Release|Any CPU.ActiveCfg = Release|Any CPU
		{62CE9CFC-C3CA-4D84-974D-40C24E51D90F}.Release|Any CPU.Build.0 = Release|Any CPU
		{136696DD-F9D1-4E14-B784-64B19BDAC782}.Debug|Any CPU.ActiveCfg = Debug|Any CPU
		{136696DD-F9D1-4E14-B784-64B19BDAC782}.Debug|Any CPU.Build.0 = Debug|Any CPU
		{136696DD-F9D1-4E14-B784-64B19BDAC782}.Release|Any CPU.ActiveCfg = Release|Any CPU
		{136696DD-F9D1-4E14-B784-64B19BDAC782}.Release|Any CPU.Build.0 = Release|Any CPU
		{6383449C-AE9B-47F6-A0C9-5A2B97226EE4}.Debug|Any CPU.ActiveCfg = Debug|Any CPU
		{6383449C-AE9B-47F6-A0C9-5A2B97226EE4}.Debug|Any CPU.Build.0 = Debug|Any CPU
		{6383449C-AE9B-47F6-A0C9-5A2B97226EE4}.Release|Any CPU.ActiveCfg = Release|Any CPU
		{6383449C-AE9B-47F6-A0C9-5A2B97226EE4}.Release|Any CPU.Build.0 = Release|Any CPU
		{CE66D168-2CD1-455F-B0E4-9A15B582D40A}.Debug|Any CPU.ActiveCfg = Debug|Any CPU
		{CE66D168-2CD1-455F-B0E4-9A15B582D40A}.Debug|Any CPU.Build.0 = Debug|Any CPU
		{CE66D168-2CD1-455F-B0E4-9A15B582D40A}.Release|Any CPU.ActiveCfg = Release|Any CPU
		{CE66D168-2CD1-455F-B0E4-9A15B582D40A}.Release|Any CPU.Build.0 = Release|Any CPU
		{782BE12A-34AB-4445-A07C-7A030943D3F3}.Debug|Any CPU.ActiveCfg = Debug|Any CPU
		{782BE12A-34AB-4445-A07C-7A030943D3F3}.Debug|Any CPU.Build.0 = Debug|Any CPU
		{782BE12A-34AB-4445-A07C-7A030943D3F3}.Release|Any CPU.ActiveCfg = Release|Any CPU
		{782BE12A-34AB-4445-A07C-7A030943D3F3}.Release|Any CPU.Build.0 = Release|Any CPU
		{CCBC6C5B-DA6E-4937-8E39-91972619F861}.Debug|Any CPU.ActiveCfg = Debug|Any CPU
		{CCBC6C5B-DA6E-4937-8E39-91972619F861}.Debug|Any CPU.Build.0 = Debug|Any CPU
		{CCBC6C5B-DA6E-4937-8E39-91972619F861}.Release|Any CPU.ActiveCfg = Release|Any CPU
		{CCBC6C5B-DA6E-4937-8E39-91972619F861}.Release|Any CPU.Build.0 = Release|Any CPU
		{C3B1E491-A447-4036-B56E-3577D255C3E0}.Debug|Any CPU.ActiveCfg = Debug|Any CPU
		{C3B1E491-A447-4036-B56E-3577D255C3E0}.Debug|Any CPU.Build.0 = Debug|Any CPU
		{C3B1E491-A447-4036-B56E-3577D255C3E0}.Release|Any CPU.ActiveCfg = Release|Any CPU
		{C3B1E491-A447-4036-B56E-3577D255C3E0}.Release|Any CPU.Build.0 = Release|Any CPU
		{9B6FE581-8B97-4B94-90DB-0EA1D604A277}.Debug|Any CPU.ActiveCfg = Debug|Any CPU
		{9B6FE581-8B97-4B94-90DB-0EA1D604A277}.Debug|Any CPU.Build.0 = Debug|Any CPU
		{9B6FE581-8B97-4B94-90DB-0EA1D604A277}.Release|Any CPU.ActiveCfg = Release|Any CPU
		{9B6FE581-8B97-4B94-90DB-0EA1D604A277}.Release|Any CPU.Build.0 = Release|Any CPU
		{F0D7CF27-B5C3-437D-BC57-713642690969}.Debug|Any CPU.ActiveCfg = Debug|Any CPU
		{F0D7CF27-B5C3-437D-BC57-713642690969}.Debug|Any CPU.Build.0 = Debug|Any CPU
		{F0D7CF27-B5C3-437D-BC57-713642690969}.Release|Any CPU.ActiveCfg = Release|Any CPU
		{F0D7CF27-B5C3-437D-BC57-713642690969}.Release|Any CPU.Build.0 = Release|Any CPU
		{A374F068-7A91-4453-8E97-B13A6304C762}.Debug|Any CPU.ActiveCfg = Debug|Any CPU
		{A374F068-7A91-4453-8E97-B13A6304C762}.Debug|Any CPU.Build.0 = Debug|Any CPU
		{A374F068-7A91-4453-8E97-B13A6304C762}.Release|Any CPU.ActiveCfg = Release|Any CPU
		{A374F068-7A91-4453-8E97-B13A6304C762}.Release|Any CPU.Build.0 = Release|Any CPU
	EndGlobalSection
	GlobalSection(SolutionProperties) = preSolution
		HideSolutionNode = FALSE
	EndGlobalSection
	GlobalSection(NestedProjects) = preSolution
		{B2D77452-F7B0-41B2-8127-278A3C3BB9DD} = {BB8186AC-F954-4083-8259-401261AC753C}
		{232E90F9-C448-4B0F-BAF7-C837080BB425} = {36A231FB-E060-47AD-8763-67CDD5EB39E0}
		{6FDA39CD-FBFE-4D1E-BFE4-BEFB9000B632} = {36A231FB-E060-47AD-8763-67CDD5EB39E0}
		{A768B4EE-A10A-437E-A791-17600A0C8A90} = {E06E51C5-84A9-47E4-8D09-3C012E455D0B}
		{E1259BF2-DF86-495B-BA8C-0CCC901C0D50} = {A768B4EE-A10A-437E-A791-17600A0C8A90}
		{45742B46-06F4-4E41-8458-4ECFAE09189B} = {A768B4EE-A10A-437E-A791-17600A0C8A90}
		{4317EF21-048D-4512-B16A-65B83C1324DE} = {E06E51C5-84A9-47E4-8D09-3C012E455D0B}
		{8AC20257-9A8D-45BE-A11B-3AC58D60E63B} = {4317EF21-048D-4512-B16A-65B83C1324DE}
		{F9C71EF5-E3B6-48BE-95A9-29AE76D29EC6} = {E06E51C5-84A9-47E4-8D09-3C012E455D0B}
		{7F546A18-2241-4A2B-88E9-7C90A1C3D129} = {F9C71EF5-E3B6-48BE-95A9-29AE76D29EC6}
		{8F286DD1-C9AC-4E69-AF01-9F14999681EB} = {C53229D7-A810-43F9-89A1-58657CC57B65}
		{1990B3EA-3A30-40FA-A052-9B1228553968} = {36A231FB-E060-47AD-8763-67CDD5EB39E0}
		{07620BE2-3F41-44C9-8E1C-59205E31F043} = {E06E51C5-84A9-47E4-8D09-3C012E455D0B}
		{5A225DD4-833A-40EB-8738-8FBBEAC9AFF5} = {07620BE2-3F41-44C9-8E1C-59205E31F043}
		{71720D62-B8B9-46EF-B76A-6D2F48961C99} = {07620BE2-3F41-44C9-8E1C-59205E31F043}
		{7FD50113-8E26-4E4F-9F2E-B45C089BCB90} = {07620BE2-3F41-44C9-8E1C-59205E31F043}
		{63AEE5BA-2E4F-45E5-A5A8-5C981BE3C412} = {71ADA841-4296-418D-9986-2288046DAB53}
		{71ADA841-4296-418D-9986-2288046DAB53} = {E06E51C5-84A9-47E4-8D09-3C012E455D0B}
		{5B1B0003-AE45-4EDC-B561-BF4985B7B4C6} = {71ADA841-4296-418D-9986-2288046DAB53}
		{8C9449A9-6DA1-407D-ACDE-026E57B5118F} = {71ADA841-4296-418D-9986-2288046DAB53}
		{50BD1D3D-5AF0-4A15-A59F-C9DA7A021080} = {71ADA841-4296-418D-9986-2288046DAB53}
		{59C68A82-0672-4EBB-AD71-06CA88A5DC7E} = {36A231FB-E060-47AD-8763-67CDD5EB39E0}
		{4C9BFA0B-280A-482B-9644-1C49F3BD2524} = {36A231FB-E060-47AD-8763-67CDD5EB39E0}
		{8C923CE7-F3C6-40AE-8C94-1CCC2909772F} = {C53229D7-A810-43F9-89A1-58657CC57B65}
		{D2B2935C-D843-449F-A6C1-3796260B7021} = {C53229D7-A810-43F9-89A1-58657CC57B65}
		{C8CF430C-FCA9-4BB6-9A61-A2E01210AEBF} = {C53229D7-A810-43F9-89A1-58657CC57B65}
		{70C50545-E705-4A87-BCA4-9DAAAC447AF1} = {C53229D7-A810-43F9-89A1-58657CC57B65}
		{C896096E-7B5D-4459-9372-D318C6F58A4B} = {C53229D7-A810-43F9-89A1-58657CC57B65}
		{D0F7BEF3-CBEC-4435-BABF-383FEE28714A} = {C53229D7-A810-43F9-89A1-58657CC57B65}
		{1A6EA047-4545-4C91-A024-3CE221077F5E} = {C53229D7-A810-43F9-89A1-58657CC57B65}
		{FA591DEC-D688-4B83-ACCA-76988D36A690} = {C53229D7-A810-43F9-89A1-58657CC57B65}
		{C9C69404-548F-4FD1-985B-4D692905BDE0} = {DCDF846A-A041-4E4F-9DBA-249FF3067FF2}
		{E454A009-87EE-42FC-8292-7EC4819CE14A} = {DCDF846A-A041-4E4F-9DBA-249FF3067FF2}
		{F8314B04-9ED4-4301-AC66-D84137668896} = {F57E5B30-C672-48E2-9283-A960AFB5D69B}
		{A4EB347F-94A6-47B8-87F6-A4902E4291DA} = {DCDF846A-A041-4E4F-9DBA-249FF3067FF2}
		{36A231FB-E060-47AD-8763-67CDD5EB39E0} = {B2D77452-F7B0-41B2-8127-278A3C3BB9DD}
		{C53229D7-A810-43F9-89A1-58657CC57B65} = {B2D77452-F7B0-41B2-8127-278A3C3BB9DD}
		{DCDF846A-A041-4E4F-9DBA-249FF3067FF2} = {B2D77452-F7B0-41B2-8127-278A3C3BB9DD}
		{AAECB9FE-73F7-4FD4-A07D-B23961F87328} = {B2D77452-F7B0-41B2-8127-278A3C3BB9DD}
		{38C1A7D3-43F8-4B8D-99A8-61FA65976EFF} = {AAECB9FE-73F7-4FD4-A07D-B23961F87328}
		{0BEFDC80-406C-46FE-8462-7F5C2989B022} = {AAECB9FE-73F7-4FD4-A07D-B23961F87328}
		{C500FF1F-B9EA-4B36-9803-E46C8912AA24} = {AAECB9FE-73F7-4FD4-A07D-B23961F87328}
		{24EAA54F-84F0-4532-A9AE-06EC8B22B879} = {AAECB9FE-73F7-4FD4-A07D-B23961F87328}
		{2FD01441-6AB8-4967-BDCA-784B76C4A78F} = {AAECB9FE-73F7-4FD4-A07D-B23961F87328}
		{116D521C-7EA5-4F85-91B0-04BD9B99D61C} = {AAECB9FE-73F7-4FD4-A07D-B23961F87328}
		{24A73001-C5E2-4458-B963-F5CAE3AA0744} = {E06E51C5-84A9-47E4-8D09-3C012E455D0B}
		{BDEE7C65-6F97-4395-9CB2-7F5B89C09556} = {24A73001-C5E2-4458-B963-F5CAE3AA0744}
		{20B0DF32-680D-45B3-86DD-53DAC2192E02} = {AAECB9FE-73F7-4FD4-A07D-B23961F87328}
		{5007E6CC-FC39-404C-8A51-2EAA9AFCDBF1} = {AAECB9FE-73F7-4FD4-A07D-B23961F87328}
		{1A45A0E9-27B0-4302-B5BD-EF46958C720D} = {AAECB9FE-73F7-4FD4-A07D-B23961F87328}
		{AFE1FFB1-029A-47A3-88AD-30680AFE64E5} = {AAECB9FE-73F7-4FD4-A07D-B23961F87328}
		{2504B44B-0AB0-4442-BE77-F1FE85EF07A1} = {B2D77452-F7B0-41B2-8127-278A3C3BB9DD}
		{76B0AD82-E0D7-4CE2-B5A4-30F329D50A73} = {2504B44B-0AB0-4442-BE77-F1FE85EF07A1}
		{F81FBD93-E2C8-442D-8544-D70E92AA84E2} = {2504B44B-0AB0-4442-BE77-F1FE85EF07A1}
		{1E501B16-0975-49B9-84B3-63952E722161} = {2504B44B-0AB0-4442-BE77-F1FE85EF07A1}
		{FCB69933-70CE-4A96-9EB5-68FA51051841} = {2504B44B-0AB0-4442-BE77-F1FE85EF07A1}
		{0D3CB892-3DA7-4E1D-AD4A-A7059EBFD0F7} = {2504B44B-0AB0-4442-BE77-F1FE85EF07A1}
		{D1961221-4F69-4F7E-86A2-61B058191850} = {2504B44B-0AB0-4442-BE77-F1FE85EF07A1}
		{8F84AE54-6515-405D-8F9F-858A5E0284AD} = {2504B44B-0AB0-4442-BE77-F1FE85EF07A1}
		{F00B068D-B5BF-4071-BAF6-876CF5C5F433} = {2504B44B-0AB0-4442-BE77-F1FE85EF07A1}
		{05091EB3-79CA-4BF5-A410-B5A1F9E8B6F4} = {F00B068D-B5BF-4071-BAF6-876CF5C5F433}
		{F65328A7-27D8-48DE-B8DC-8FB64E4073B7} = {F00B068D-B5BF-4071-BAF6-876CF5C5F433}
		{0F65F465-A5C2-435F-B157-3E8A35B5B4CA} = {F00B068D-B5BF-4071-BAF6-876CF5C5F433}
		{6D73E0AA-513B-43F2-9CA6-220EDAFD14E8} = {B2D77452-F7B0-41B2-8127-278A3C3BB9DD}
		{76220AAC-D522-4851-9DC3-B941710460D6} = {6D73E0AA-513B-43F2-9CA6-220EDAFD14E8}
		{E4DB09F7-499A-4FAE-B080-9B4E89E0482A} = {6D73E0AA-513B-43F2-9CA6-220EDAFD14E8}
		{AFDFE515-3EA9-4132-B683-8D24F143BC74} = {6D73E0AA-513B-43F2-9CA6-220EDAFD14E8}
		{3455CD7E-A280-41D5-AC3B-17687B302B76} = {F00B068D-B5BF-4071-BAF6-876CF5C5F433}
		{200BEDB3-1426-4B37-A34D-7F7AC070E467} = {F00B068D-B5BF-4071-BAF6-876CF5C5F433}
		{B3265C1C-0F1E-4B00-A35D-FB8B27591A80} = {B2D77452-F7B0-41B2-8127-278A3C3BB9DD}
		{E152F84E-D708-4A24-9D9C-8E4D60A22D53} = {B3265C1C-0F1E-4B00-A35D-FB8B27591A80}
		{FF12D2B9-9F37-48F2-974F-EA5A03C445DA} = {B3265C1C-0F1E-4B00-A35D-FB8B27591A80}
		{DF7D6263-2811-4743-B7DE-549A40F7209D} = {B3265C1C-0F1E-4B00-A35D-FB8B27591A80}
		{71F1687E-7522-4A60-96AF-3874C2E42F26} = {B3265C1C-0F1E-4B00-A35D-FB8B27591A80}
		{B5E6CFBA-2E52-47B4-BC06-E682BA3F6AB8} = {B3265C1C-0F1E-4B00-A35D-FB8B27591A80}
		{5334BFEE-7AF2-4915-8E4B-9AB3790A9927} = {B2D77452-F7B0-41B2-8127-278A3C3BB9DD}
		{3FC41C08-621C-406F-849D-0D9948B1CF34} = {5334BFEE-7AF2-4915-8E4B-9AB3790A9927}
		{39F988D8-DF29-482E-A024-B4F4AE748FDC} = {B2D77452-F7B0-41B2-8127-278A3C3BB9DD}
		{23BBF2D3-FB7C-49FE-950C-C05957060AAB} = {39F988D8-DF29-482E-A024-B4F4AE748FDC}
		{C6CD4407-E7D1-4750-A3DF-6BCBCF8B9A09} = {39F988D8-DF29-482E-A024-B4F4AE748FDC}
		{CFCDF064-8497-4086-AB96-F0C00BBA8354} = {2504B44B-0AB0-4442-BE77-F1FE85EF07A1}
		{F5A73F03-89D9-46D6-847A-6543532C3E02} = {B2D77452-F7B0-41B2-8127-278A3C3BB9DD}
		{D6FBDF15-9D5F-490D-B3A8-A321C27D30CD} = {F5A73F03-89D9-46D6-847A-6543532C3E02}
		{745D60B6-00ED-4721-B610-0008B03FFD4B} = {B2D77452-F7B0-41B2-8127-278A3C3BB9DD}
		{E293327C-E7BF-4D99-8BE7-CA247159B2E3} = {745D60B6-00ED-4721-B610-0008B03FFD4B}
		{299499C4-7CDB-49BA-98E1-E473C91B3186} = {745D60B6-00ED-4721-B610-0008B03FFD4B}
		{26A1DC54-7F86-4AF6-916B-642B1DBD3D1D} = {745D60B6-00ED-4721-B610-0008B03FFD4B}
		{EC78E53D-C779-4623-A004-3DA6E295C968} = {B2D77452-F7B0-41B2-8127-278A3C3BB9DD}
		{D0B6B877-A439-4B9E-B1F2-9D9AD751314A} = {EC78E53D-C779-4623-A004-3DA6E295C968}
		{174599DB-0C2F-4518-9E6B-05D6CE780FCF} = {B2D77452-F7B0-41B2-8127-278A3C3BB9DD}
		{3DBD28D2-2571-4AC8-B408-F0F60794794C} = {174599DB-0C2F-4518-9E6B-05D6CE780FCF}
		{8804AFF4-E547-4252-B607-6DF6A8C66368} = {174599DB-0C2F-4518-9E6B-05D6CE780FCF}
		{0084D165-6AE7-420D-A38E-2154983256DA} = {B2D77452-F7B0-41B2-8127-278A3C3BB9DD}
		{E32AF1E5-7D0B-4A64-A590-992AD02A6B6F} = {0084D165-6AE7-420D-A38E-2154983256DA}
		{DAF70B5C-5450-452B-8293-972A69D62997} = {B2D77452-F7B0-41B2-8127-278A3C3BB9DD}
		{5438520A-8E52-461B-A83A-3B8E3A84E108} = {DAF70B5C-5450-452B-8293-972A69D62997}
		{D7C14340-CB92-4F0B-83ED-06069AE179A8} = {B2D77452-F7B0-41B2-8127-278A3C3BB9DD}
		{79FC6A5B-63FD-4312-89D2-C780FE641467} = {D7C14340-CB92-4F0B-83ED-06069AE179A8}
		{707943CA-A24E-492F-A97A-0137C1A69E6A} = {D7C14340-CB92-4F0B-83ED-06069AE179A8}
		{CB1C8E07-7313-4E3F-91CB-9E817C27B2ED} = {B2D77452-F7B0-41B2-8127-278A3C3BB9DD}
		{53B58BE4-A323-4AA2-920D-74B5AF4A182F} = {CB1C8E07-7313-4E3F-91CB-9E817C27B2ED}
		{20F083DC-DA1C-49FA-B151-0CA45D6EF99F} = {B2D77452-F7B0-41B2-8127-278A3C3BB9DD}
		{1512DA73-308B-4ED9-9293-9CB95B6EEFEF} = {20F083DC-DA1C-49FA-B151-0CA45D6EF99F}
		{DB8FF837-5F8C-4198-9A64-D049F04F90A7} = {20F083DC-DA1C-49FA-B151-0CA45D6EF99F}
		{E1486331-22E2-4379-B4B0-B7336601CF4E} = {20F083DC-DA1C-49FA-B151-0CA45D6EF99F}
		{FA08C379-257F-4154-A4B2-2F41FAA30E67} = {20F083DC-DA1C-49FA-B151-0CA45D6EF99F}
		{BF3621AA-CB90-4D32-9011-DEB07D35F3B2} = {20F083DC-DA1C-49FA-B151-0CA45D6EF99F}
		{04400EF8-BE07-4CDB-975E-4B99CDDF8A4F} = {B2D77452-F7B0-41B2-8127-278A3C3BB9DD}
		{1AC82397-C1DA-4CDC-9C14-67A28CC06EAC} = {04400EF8-BE07-4CDB-975E-4B99CDDF8A4F}
		{509C0977-DE34-4DCE-912B-0A0C226036EC} = {04400EF8-BE07-4CDB-975E-4B99CDDF8A4F}
		{06A991CD-DDBF-4C46-97F3-4529D9D6DF4F} = {04400EF8-BE07-4CDB-975E-4B99CDDF8A4F}
		{5BF628B4-315F-41E2-9551-EC5831BF6821} = {04400EF8-BE07-4CDB-975E-4B99CDDF8A4F}
		{62CE9CFC-C3CA-4D84-974D-40C24E51D90F} = {04400EF8-BE07-4CDB-975E-4B99CDDF8A4F}
		{136696DD-F9D1-4E14-B784-64B19BDAC782} = {04400EF8-BE07-4CDB-975E-4B99CDDF8A4F}
		{AF4DE6F2-9813-42D3-AE57-6DFEF2AB5ED5} = {B2D77452-F7B0-41B2-8127-278A3C3BB9DD}
		{6383449C-AE9B-47F6-A0C9-5A2B97226EE4} = {AF4DE6F2-9813-42D3-AE57-6DFEF2AB5ED5}
		{6E799A98-7C05-413C-BC5F-ECE7568F94FF} = {20F083DC-DA1C-49FA-B151-0CA45D6EF99F}
		{CE66D168-2CD1-455F-B0E4-9A15B582D40A} = {6E799A98-7C05-413C-BC5F-ECE7568F94FF}
		{782BE12A-34AB-4445-A07C-7A030943D3F3} = {6E799A98-7C05-413C-BC5F-ECE7568F94FF}
		{989A5932-8578-493E-9300-EC9C66D4906D} = {A8F7683C-C028-427E-9267-B7084E1B1DFA}
		{CCBC6C5B-DA6E-4937-8E39-91972619F861} = {989A5932-8578-493E-9300-EC9C66D4906D}
		{C3B1E491-A447-4036-B56E-3577D255C3E0} = {D7BF16CE-89AB-4E37-92FF-0B322E4CDAE9}
		{D7BF16CE-89AB-4E37-92FF-0B322E4CDAE9} = {5ABC0AE3-B3B7-4128-B137-CF32F5DD5E2C}
		{9B6FE581-8B97-4B94-90DB-0EA1D604A277} = {989A5932-8578-493E-9300-EC9C66D4906D}
		{F0D7CF27-B5C3-437D-BC57-713642690969} = {6E799A98-7C05-413C-BC5F-ECE7568F94FF}
		{D4CEA006-2EE6-404B-A7C7-236C5A36FB3F} = {B2D77452-F7B0-41B2-8127-278A3C3BB9DD}
		{A374F068-7A91-4453-8E97-B13A6304C762} = {D4CEA006-2EE6-404B-A7C7-236C5A36FB3F}
	EndGlobalSection
	GlobalSection(ExtensibilityGlobals) = postSolution
		EnterpriseLibraryConfigurationToolBinariesPathV6 = packages\EnterpriseLibrary.Common.6.0.1304.0\lib\NET45;packages\EnterpriseLibrary.Logging.6.0.1304.0\lib\NET45
	EndGlobalSection
	GlobalSection(Performance) = preSolution
		HasPerformanceSessions = true
	EndGlobalSection
EndGlobal
